
Microsoft Visual Studio Solution File, Format Version 12.00
Project("{2150E333-8FDC-42A3-9474-1A3956D46DE8}") = "backend", "backend", "{1AE8ACA6-933B-BF2A-3671-3E2EAC007D16}"
EndProject
Project("{2150E333-8FDC-42A3-9474-1A3956D46DE8}") = "host", "host", "{32EDBA42-B012-A9E3-D6BD-B1FED8C0BF1D}"
EndProject
Project("{FAE04EC0-301F-11D3-BF4B-00C04F79EFBC}") = "UGTM.Api", "backend\host\Api\UGTM.Api.csproj", "{4B3D0D37-DB5C-4666-8F1C-B369F6AA06C1}"
EndProject
Project("{2150E333-8FDC-42A3-9474-1A3956D46DE8}") = "BuildingBlocks", "BuildingBlocks", "{3518C6FE-7C6C-C575-CC03-E8DAA010DCAF}"
EndProject
Project("{FAE04EC0-301F-11D3-BF4B-00C04F79EFBC}") = "UGTM.BuildingBlocks.Application", "backend\BuildingBlocks\Application\UGTM.BuildingBlocks.Application.csproj", "{72CFE6E2-25B8-4EE5-B204-D4BA8799FD19}"
EndProject
Project("{FAE04EC0-301F-11D3-BF4B-00C04F79EFBC}") = "UGTM.BuildingBlocks.Domain", "backend\BuildingBlocks\Domain\UGTM.BuildingBlocks.Domain.csproj", "{1FA6AE9E-509F-4A6E-9E84-1C6E3465CA22}"
EndProject
Project("{FAE04EC0-301F-11D3-BF4B-00C04F79EFBC}") = "UGTM.BuildingBlocks.Infrastructure", "backend\BuildingBlocks\Infrastructure\UGTM.BuildingBlocks.Infrastructure.csproj", "{2274FBE9-70B2-4461-A930-713670A6F0A3}"
EndProject
Project("{2150E333-8FDC-42A3-9474-1A3956D46DE8}") = "Modules", "Modules", "{E67A9407-3F77-8E1E-44C0-D60C1E808A95}"
EndProject
Project("{2150E333-8FDC-42A3-9474-1A3956D46DE8}") = "AcademicPeriods", "AcademicPeriods", "{221F626D-EB9E-0EB5-057F-EE336E35FAF0}"
EndProject
Project("{FAE04EC0-301F-11D3-BF4B-00C04F79EFBC}") = "UGTM.Modules.AcademicPeriods.Application", "backend\Modules\AcademicPeriods\Application\UGTM.Modules.AcademicPeriods.Application.csproj", "{7F5CFFAE-ED12-4D95-987E-DC53D936A8B6}"
EndProject
Project("{FAE04EC0-301F-11D3-BF4B-00C04F79EFBC}") = "UGTM.Modules.AcademicPeriods.Contracts", "backend\Modules\AcademicPeriods\Contracts\UGTM.Modules.AcademicPeriods.Contracts.csproj", "{41A97572-70DE-4651-B92F-404AD4AF7A19}"
EndProject
Project("{FAE04EC0-301F-11D3-BF4B-00C04F79EFBC}") = "UGTM.Modules.AcademicPeriods.Domain", "backend\Modules\AcademicPeriods\Domain\UGTM.Modules.AcademicPeriods.Domain.csproj", "{47CB3695-C9AC-461D-BE2C-FE9E8FCF2689}"
EndProject
Project("{FAE04EC0-301F-11D3-BF4B-00C04F79EFBC}") = "UGTM.Modules.AcademicPeriods.Infrastructure", "backend\Modules\AcademicPeriods\Infrastructure\UGTM.Modules.AcademicPeriods.Infrastructure.csproj", "{4FA4D735-461C-434C-8FCD-A14590AB6B60}"
EndProject
Project("{2150E333-8FDC-42A3-9474-1A3956D46DE8}") = "DefenseCouncil", "DefenseCouncil", "{6F67A1EE-4599-3E1C-C2D8-4949B1C42A19}"
EndProject
Project("{FAE04EC0-301F-11D3-BF4B-00C04F79EFBC}") = "UGTM.Modules.DefenseCouncil.Application", "backend\Modules\DefenseCouncil\Application\UGTM.Modules.DefenseCouncil.Application.csproj", "{A9762225-8CCC-472A-8950-7CD67A22B1E0}"
EndProject
Project("{FAE04EC0-301F-11D3-BF4B-00C04F79EFBC}") = "UGTM.Modules.DefenseCouncil.Contracts", "backend\Modules\DefenseCouncil\Contracts\UGTM.Modules.DefenseCouncil.Contracts.csproj", "{6817B5DF-0F4C-44C5-9235-B3B518C2B499}"
EndProject
Project("{FAE04EC0-301F-11D3-BF4B-00C04F79EFBC}") = "UGTM.Modules.DefenseCouncil.Domain", "backend\Modules\DefenseCouncil\Domain\UGTM.Modules.DefenseCouncil.Domain.csproj", "{62B85034-178C-4B29-9530-7AD5A3258FF3}"
EndProject
Project("{FAE04EC0-301F-11D3-BF4B-00C04F79EFBC}") = "UGTM.Modules.DefenseCouncil.Infrastructure", "backend\Modules\DefenseCouncil\Infrastructure\UGTM.Modules.DefenseCouncil.Infrastructure.csproj", "{1E0F0998-CB9C-4C1D-B420-FB4BCE4772CF}"
EndProject
Project("{2150E333-8FDC-42A3-9474-1A3956D46DE8}") = "FinalReportEvaluation", "FinalReportEvaluation", "{49DF0C93-3280-4F21-2431-D07FF3022DD4}"
EndProject
Project("{FAE04EC0-301F-11D3-BF4B-00C04F79EFBC}") = "UGTM.Modules.FinalReportEvaluation.Application", "backend\Modules\FinalReportEvaluation\Application\UGTM.Modules.FinalReportEvaluation.Application.csproj", "{DCC5F146-0D8C-4586-A371-711110A49D87}"
EndProject
Project("{FAE04EC0-301F-11D3-BF4B-00C04F79EFBC}") = "UGTM.Modules.FinalReportEvaluation.Contracts", "backend\Modules\FinalReportEvaluation\Contracts\UGTM.Modules.FinalReportEvaluation.Contracts.csproj", "{02D7156A-93BF-4600-97C9-A57C0EECAD99}"
EndProject
Project("{FAE04EC0-301F-11D3-BF4B-00C04F79EFBC}") = "UGTM.Modules.FinalReportEvaluation.Domain", "backend\Modules\FinalReportEvaluation\Domain\UGTM.Modules.FinalReportEvaluation.Domain.csproj", "{6FC15BB7-9795-4BED-8126-C83BD5C963FD}"
EndProject
Project("{FAE04EC0-301F-11D3-BF4B-00C04F79EFBC}") = "UGTM.Modules.FinalReportEvaluation.Infrastructure", "backend\Modules\FinalReportEvaluation\Infrastructure\UGTM.Modules.FinalReportEvaluation.Infrastructure.csproj", "{A92F270A-935F-485D-B597-07C2E0BA8253}"
EndProject
Project("{2150E333-8FDC-42A3-9474-1A3956D46DE8}") = "GradingConsolidation", "GradingConsolidation", "{28E652CF-92DF-A3E7-248D-D814DBBB9B56}"
EndProject
Project("{FAE04EC0-301F-11D3-BF4B-00C04F79EFBC}") = "UGTM.Modules.GradingConsolidation.Application", "backend\Modules\GradingConsolidation\Application\UGTM.Modules.GradingConsolidation.Application.csproj", "{58CE16C3-5151-4C36-9541-D748A9A35DD8}"
EndProject
Project("{FAE04EC0-301F-11D3-BF4B-00C04F79EFBC}") = "UGTM.Modules.GradingConsolidation.Contracts", "backend\Modules\GradingConsolidation\Contracts\UGTM.Modules.GradingConsolidation.Contracts.csproj", "{27ED2B92-9C54-4D61-9BEC-1BFCC504BE61}"
EndProject
Project("{FAE04EC0-301F-11D3-BF4B-00C04F79EFBC}") = "UGTM.Modules.GradingConsolidation.Domain", "backend\Modules\GradingConsolidation\Domain\UGTM.Modules.GradingConsolidation.Domain.csproj", "{8D17FB5C-8F6A-474D-9887-69F6A316ED4D}"
EndProject
Project("{FAE04EC0-301F-11D3-BF4B-00C04F79EFBC}") = "UGTM.Modules.GradingConsolidation.Infrastructure", "backend\Modules\GradingConsolidation\Infrastructure\UGTM.Modules.GradingConsolidation.Infrastructure.csproj", "{869DEB17-8532-4497-BFCC-3479A79104D7}"
EndProject
Project("{2150E333-8FDC-42A3-9474-1A3956D46DE8}") = "Identity", "Identity", "{E7ACF62A-4792-2521-47ED-6ECBF18731BB}"
EndProject
Project("{FAE04EC0-301F-11D3-BF4B-00C04F79EFBC}") = "UGTM.Modules.Identity.Application", "backend\Modules\Identity\Application\UGTM.Modules.Identity.Application.csproj", "{3C69EFF6-6CF5-43C1-AFE2-72C047C34E95}"
EndProject
Project("{FAE04EC0-301F-11D3-BF4B-00C04F79EFBC}") = "UGTM.Modules.Identity.Contracts", "backend\Modules\Identity\Contracts\UGTM.Modules.Identity.Contracts.csproj", "{AF1C6AAF-57A9-4244-9811-4551D4FAD906}"
EndProject
Project("{FAE04EC0-301F-11D3-BF4B-00C04F79EFBC}") = "UGTM.Modules.Identity.Domain", "backend\Modules\Identity\Domain\UGTM.Modules.Identity.Domain.csproj", "{6B14E62B-B794-4424-91DD-868C80585AC5}"
EndProject
Project("{FAE04EC0-301F-11D3-BF4B-00C04F79EFBC}") = "UGTM.Modules.Identity.Infrastructure", "backend\Modules\Identity\Infrastructure\UGTM.Modules.Identity.Infrastructure.csproj", "{9B2A7DD8-8C84-4C4A-8048-E6A8B27F021F}"
EndProject
Project("{2150E333-8FDC-42A3-9474-1A3956D46DE8}") = "MidtermProgress", "MidtermProgress", "{C26DA815-2D32-E701-6217-EB4425796011}"
EndProject
Project("{FAE04EC0-301F-11D3-BF4B-00C04F79EFBC}") = "UGTM.Modules.MidtermProgress.Application", "backend\Modules\MidtermProgress\Application\UGTM.Modules.MidtermProgress.Application.csproj", "{3FFA3A6D-261C-4F76-9409-934F58F4DB04}"
EndProject
Project("{FAE04EC0-301F-11D3-BF4B-00C04F79EFBC}") = "UGTM.Modules.MidtermProgress.Contracts", "backend\Modules\MidtermProgress\Contracts\UGTM.Modules.MidtermProgress.Contracts.csproj", "{06B3C104-4514-4D2B-855A-5629AD4B3F74}"
EndProject
Project("{FAE04EC0-301F-11D3-BF4B-00C04F79EFBC}") = "UGTM.Modules.MidtermProgress.Domain", "backend\Modules\MidtermProgress\Domain\UGTM.Modules.MidtermProgress.Domain.csproj", "{ECFE6BA6-102E-4C9B-983A-F4BAF93589F7}"
EndProject
Project("{FAE04EC0-301F-11D3-BF4B-00C04F79EFBC}") = "UGTM.Modules.MidtermProgress.Infrastructure", "backend\Modules\MidtermProgress\Infrastructure\UGTM.Modules.MidtermProgress.Infrastructure.csproj", "{D79822DF-E59D-4209-847E-3522FBB7C2D2}"
EndProject
Project("{2150E333-8FDC-42A3-9474-1A3956D46DE8}") = "Notifications", "Notifications", "{52B05117-6A7F-820F-ADA7-D2303DEA3C3C}"
EndProject
Project("{FAE04EC0-301F-11D3-BF4B-00C04F79EFBC}") = "UGTM.Modules.Notifications.Application", "backend\Modules\Notifications\Application\UGTM.Modules.Notifications.Application.csproj", "{897BE978-BB08-4768-9214-EC022B054A47}"
EndProject
Project("{FAE04EC0-301F-11D3-BF4B-00C04F79EFBC}") = "UGTM.Modules.Notifications.Contracts", "backend\Modules\Notifications\Contracts\UGTM.Modules.Notifications.Contracts.csproj", "{117B48B9-1BC1-4541-B2E5-67EA32BA1576}"
EndProject
Project("{FAE04EC0-301F-11D3-BF4B-00C04F79EFBC}") = "UGTM.Modules.Notifications.Domain", "backend\Modules\Notifications\Domain\UGTM.Modules.Notifications.Domain.csproj", "{46F37753-C52D-4286-92C0-18453B7FF25B}"
EndProject
Project("{FAE04EC0-301F-11D3-BF4B-00C04F79EFBC}") = "UGTM.Modules.Notifications.Infrastructure", "backend\Modules\Notifications\Infrastructure\UGTM.Modules.Notifications.Infrastructure.csproj", "{C7408B50-DC2A-44E5-A028-38B78C397DD0}"
EndProject
Project("{2150E333-8FDC-42A3-9474-1A3956D46DE8}") = "ThesisManagement", "ThesisManagement", "{DCAB5AAC-2A25-B6FA-FB6C-470922E24455}"
EndProject
Project("{FAE04EC0-301F-11D3-BF4B-00C04F79EFBC}") = "UGTM.Modules.ThesisManagement.Application", "backend\Modules\ThesisManagement\Application\UGTM.Modules.ThesisManagement.Application.csproj", "{11C32931-B985-470A-901A-163AFA276ACF}"
EndProject
Project("{FAE04EC0-301F-11D3-BF4B-00C04F79EFBC}") = "UGTM.Modules.ThesisManagement.Contracts", "backend\Modules\ThesisManagement\Contracts\UGTM.Modules.ThesisManagement.Contracts.csproj", "{36634659-BBBD-43FC-8126-54C09F7F4915}"
EndProject
Project("{FAE04EC0-301F-11D3-BF4B-00C04F79EFBC}") = "UGTM.Modules.ThesisManagement.Domain", "backend\Modules\ThesisManagement\Domain\UGTM.Modules.ThesisManagement.Domain.csproj", "{1A868B10-EC62-4890-99A4-FFFF51B60503}"
EndProject
Project("{FAE04EC0-301F-11D3-BF4B-00C04F79EFBC}") = "UGTM.Modules.ThesisManagement.Infrastructure", "backend\Modules\ThesisManagement\Infrastructure\UGTM.Modules.ThesisManagement.Infrastructure.csproj", "{B6235E0F-018A-4626-9274-B1E1A8091C14}"
EndProject
Project("{2150E333-8FDC-42A3-9474-1A3956D46DE8}") = "TopicCatalog", "TopicCatalog", "{621FAF4A-8C91-FB60-855F-87B8919DC463}"
EndProject
Project("{FAE04EC0-301F-11D3-BF4B-00C04F79EFBC}") = "UGTM.Modules.TopicCatalog.Application", "backend\Modules\TopicCatalog\Application\UGTM.Modules.TopicCatalog.Application.csproj", "{EBC7B674-458E-4123-ACB1-17EC3022044F}"
EndProject
Project("{FAE04EC0-301F-11D3-BF4B-00C04F79EFBC}") = "UGTM.Modules.TopicCatalog.Contracts", "backend\Modules\TopicCatalog\Contracts\UGTM.Modules.TopicCatalog.Contracts.csproj", "{A9CDE37F-32EC-4AF8-B11E-B4BB0857C9E1}"
EndProject
Project("{FAE04EC0-301F-11D3-BF4B-00C04F79EFBC}") = "UGTM.Modules.TopicCatalog.Domain", "backend\Modules\TopicCatalog\Domain\UGTM.Modules.TopicCatalog.Domain.csproj", "{214962A6-1BA1-4446-9F4B-54A70117EC96}"
EndProject
Project("{FAE04EC0-301F-11D3-BF4B-00C04F79EFBC}") = "UGTM.Modules.TopicCatalog.Infrastructure", "backend\Modules\TopicCatalog\Infrastructure\UGTM.Modules.TopicCatalog.Infrastructure.csproj", "{66DB7B7F-D83E-4168-8DF9-0F522E7EC92E}"
EndProject
Project("{2150E333-8FDC-42A3-9474-1A3956D46DE8}") = "tests", "tests", "{F57642F3-C37C-D174-720E-6A6AAD5BEE22}"
EndProject
Project("{FAE04EC0-301F-11D3-BF4B-00C04F79EFBC}") = "UGTM.Architecture.Tests", "backend\tests\Architecture.Tests\UGTM.Architecture.Tests.csproj", "{7E35C6FB-17FB-4523-9116-F5C2D2ED4312}"
EndProject
Project("{FAE04EC0-301F-11D3-BF4B-00C04F79EFBC}") = "UGTM.BuildingBlocks.Testing", "backend\tests\BuildingBlocks.Testing\UGTM.BuildingBlocks.Testing.csproj", "{1B675832-FCC9-4341-A691-6F52E667AEAC}"
EndProject
Project("{FAE04EC0-301F-11D3-BF4B-00C04F79EFBC}") = "UGTM.Modules.AcademicPeriods.Tests", "backend\tests\AcademicPeriods.Tests\UGTM.Modules.AcademicPeriods.Tests.csproj", "{B46CB7A7-DF5C-4050-B249-F3357AEBA2A6}"
EndProject
Project("{FAE04EC0-301F-11D3-BF4B-00C04F79EFBC}") = "UGTM.Modules.DefenseCouncil.Tests", "backend\tests\DefenseCouncil.Tests\UGTM.Modules.DefenseCouncil.Tests.csproj", "{47A6F84A-B7C9-4C54-BA02-106B9DC3C6C2}"
EndProject
Project("{FAE04EC0-301F-11D3-BF4B-00C04F79EFBC}") = "UGTM.Modules.FinalReportEvaluation.Tests", "backend\tests\FinalReportEvaluation.Tests\UGTM.Modules.FinalReportEvaluation.Tests.csproj", "{F71B10F2-A1D2-4E31-A2BB-CB9E8F3442D1}"
EndProject
Project("{FAE04EC0-301F-11D3-BF4B-00C04F79EFBC}") = "UGTM.Modules.GradingConsolidation.Tests", "backend\tests\GradingConsolidation.Tests\UGTM.Modules.GradingConsolidation.Tests.csproj", "{FBE85303-FB5D-4FD8-8FDF-3E8A93EC3BB6}"
EndProject
Project("{FAE04EC0-301F-11D3-BF4B-00C04F79EFBC}") = "UGTM.Modules.Identity.Tests", "backend\tests\Identity.Tests\UGTM.Modules.Identity.Tests.csproj", "{DF293A64-8346-4D6D-A8C4-910807B1AABB}"
EndProject
Project("{FAE04EC0-301F-11D3-BF4B-00C04F79EFBC}") = "UGTM.Modules.MidtermProgress.Tests", "backend\tests\MidtermProgress.Tests\UGTM.Modules.MidtermProgress.Tests.csproj", "{F220438A-DAEC-4FDE-A799-2B4857B1620D}"
EndProject
Project("{FAE04EC0-301F-11D3-BF4B-00C04F79EFBC}") = "UGTM.Modules.Notifications.Tests", "backend\tests\Notifications.Tests\UGTM.Modules.Notifications.Tests.csproj", "{60DF4084-459B-44FB-B766-FC0E1BFA2430}"
EndProject
Project("{FAE04EC0-301F-11D3-BF4B-00C04F79EFBC}") = "UGTM.Modules.ThesisManagement.Tests", "backend\tests\ThesisManagement.Tests\UGTM.Modules.ThesisManagement.Tests.csproj", "{52D702F0-7BDE-4442-8C04-E3E535C413F9}"
EndProject
Project("{FAE04EC0-301F-11D3-BF4B-00C04F79EFBC}") = "UGTM.Modules.TopicCatalog.Tests", "backend\tests\TopicCatalog.Tests\UGTM.Modules.TopicCatalog.Tests.csproj", "{66701162-4B96-4C20-8F78-24067F115662}"
EndProject
Global
	GlobalSection(SolutionConfigurationPlatforms) = preSolution
		Debug|Any CPU = Debug|Any CPU
		Debug|x64 = Debug|x64
		Debug|x86 = Debug|x86
		Release|Any CPU = Release|Any CPU
		Release|x64 = Release|x64
		Release|x86 = Release|x86
	EndGlobalSection
	GlobalSection(ProjectConfigurationPlatforms) = postSolution
		{4B3D0D37-DB5C-4666-8F1C-B369F6AA06C1}.Debug|Any CPU.ActiveCfg = Debug|Any CPU
		{4B3D0D37-DB5C-4666-8F1C-B369F6AA06C1}.Debug|Any CPU.Build.0 = Debug|Any CPU
		{4B3D0D37-DB5C-4666-8F1C-B369F6AA06C1}.Debug|x64.ActiveCfg = Debug|Any CPU
		{4B3D0D37-DB5C-4666-8F1C-B369F6AA06C1}.Debug|x64.Build.0 = Debug|Any CPU
		{4B3D0D37-DB5C-4666-8F1C-B369F6AA06C1}.Debug|x86.ActiveCfg = Debug|Any CPU
		{4B3D0D37-DB5C-4666-8F1C-B369F6AA06C1}.Debug|x86.Build.0 = Debug|Any CPU
		{4B3D0D37-DB5C-4666-8F1C-B369F6AA06C1}.Release|Any CPU.ActiveCfg = Release|Any CPU
		{4B3D0D37-DB5C-4666-8F1C-B369F6AA06C1}.Release|Any CPU.Build.0 = Release|Any CPU
		{4B3D0D37-DB5C-4666-8F1C-B369F6AA06C1}.Release|x64.ActiveCfg = Release|Any CPU
		{4B3D0D37-DB5C-4666-8F1C-B369F6AA06C1}.Release|x64.Build.0 = Release|Any CPU
		{4B3D0D37-DB5C-4666-8F1C-B369F6AA06C1}.Release|x86.ActiveCfg = Release|Any CPU
		{4B3D0D37-DB5C-4666-8F1C-B369F6AA06C1}.Release|x86.Build.0 = Release|Any CPU
		{72CFE6E2-25B8-4EE5-B204-D4BA8799FD19}.Debug|Any CPU.ActiveCfg = Debug|Any CPU
		{72CFE6E2-25B8-4EE5-B204-D4BA8799FD19}.Debug|Any CPU.Build.0 = Debug|Any CPU
		{72CFE6E2-25B8-4EE5-B204-D4BA8799FD19}.Debug|x64.ActiveCfg = Debug|Any CPU
		{72CFE6E2-25B8-4EE5-B204-D4BA8799FD19}.Debug|x64.Build.0 = Debug|Any CPU
		{72CFE6E2-25B8-4EE5-B204-D4BA8799FD19}.Debug|x86.ActiveCfg = Debug|Any CPU
		{72CFE6E2-25B8-4EE5-B204-D4BA8799FD19}.Debug|x86.Build.0 = Debug|Any CPU
		{72CFE6E2-25B8-4EE5-B204-D4BA8799FD19}.Release|Any CPU.ActiveCfg = Release|Any CPU
		{72CFE6E2-25B8-4EE5-B204-D4BA8799FD19}.Release|Any CPU.Build.0 = Release|Any CPU
		{72CFE6E2-25B8-4EE5-B204-D4BA8799FD19}.Release|x64.ActiveCfg = Release|Any CPU
		{72CFE6E2-25B8-4EE5-B204-D4BA8799FD19}.Release|x64.Build.0 = Release|Any CPU
		{72CFE6E2-25B8-4EE5-B204-D4BA8799FD19}.Release|x86.ActiveCfg = Release|Any CPU
		{72CFE6E2-25B8-4EE5-B204-D4BA8799FD19}.Release|x86.Build.0 = Release|Any CPU
		{1FA6AE9E-509F-4A6E-9E84-1C6E3465CA22}.Debug|Any CPU.ActiveCfg = Debug|Any CPU
		{1FA6AE9E-509F-4A6E-9E84-1C6E3465CA22}.Debug|Any CPU.Build.0 = Debug|Any CPU
		{1FA6AE9E-509F-4A6E-9E84-1C6E3465CA22}.Debug|x64.ActiveCfg = Debug|Any CPU
		{1FA6AE9E-509F-4A6E-9E84-1C6E3465CA22}.Debug|x64.Build.0 = Debug|Any CPU
		{1FA6AE9E-509F-4A6E-9E84-1C6E3465CA22}.Debug|x86.ActiveCfg = Debug|Any CPU
		{1FA6AE9E-509F-4A6E-9E84-1C6E3465CA22}.Debug|x86.Build.0 = Debug|Any CPU
		{1FA6AE9E-509F-4A6E-9E84-1C6E3465CA22}.Release|Any CPU.ActiveCfg = Release|Any CPU
		{1FA6AE9E-509F-4A6E-9E84-1C6E3465CA22}.Release|Any CPU.Build.0 = Release|Any CPU
		{1FA6AE9E-509F-4A6E-9E84-1C6E3465CA22}.Release|x64.ActiveCfg = Release|Any CPU
		{1FA6AE9E-509F-4A6E-9E84-1C6E3465CA22}.Release|x64.Build.0 = Release|Any CPU
		{1FA6AE9E-509F-4A6E-9E84-1C6E3465CA22}.Release|x86.ActiveCfg = Release|Any CPU
		{1FA6AE9E-509F-4A6E-9E84-1C6E3465CA22}.Release|x86.Build.0 = Release|Any CPU
		{2274FBE9-70B2-4461-A930-713670A6F0A3}.Debug|Any CPU.ActiveCfg = Debug|Any CPU
		{2274FBE9-70B2-4461-A930-713670A6F0A3}.Debug|Any CPU.Build.0 = Debug|Any CPU
		{2274FBE9-70B2-4461-A930-713670A6F0A3}.Debug|x64.ActiveCfg = Debug|Any CPU
		{2274FBE9-70B2-4461-A930-713670A6F0A3}.Debug|x64.Build.0 = Debug|Any CPU
		{2274FBE9-70B2-4461-A930-713670A6F0A3}.Debug|x86.ActiveCfg = Debug|Any CPU
		{2274FBE9-70B2-4461-A930-713670A6F0A3}.Debug|x86.Build.0 = Debug|Any CPU
		{2274FBE9-70B2-4461-A930-713670A6F0A3}.Release|Any CPU.ActiveCfg = Release|Any CPU
		{2274FBE9-70B2-4461-A930-713670A6F0A3}.Release|Any CPU.Build.0 = Release|Any CPU
		{2274FBE9-70B2-4461-A930-713670A6F0A3}.Release|x64.ActiveCfg = Release|Any CPU
		{2274FBE9-70B2-4461-A930-713670A6F0A3}.Release|x64.Build.0 = Release|Any CPU
		{2274FBE9-70B2-4461-A930-713670A6F0A3}.Release|x86.ActiveCfg = Release|Any CPU
		{2274FBE9-70B2-4461-A930-713670A6F0A3}.Release|x86.Build.0 = Release|Any CPU
		{7F5CFFAE-ED12-4D95-987E-DC53D936A8B6}.Debug|Any CPU.ActiveCfg = Debug|Any CPU
		{7F5CFFAE-ED12-4D95-987E-DC53D936A8B6}.Debug|Any CPU.Build.0 = Debug|Any CPU
		{7F5CFFAE-ED12-4D95-987E-DC53D936A8B6}.Debug|x64.ActiveCfg = Debug|Any CPU
		{7F5CFFAE-ED12-4D95-987E-DC53D936A8B6}.Debug|x64.Build.0 = Debug|Any CPU
		{7F5CFFAE-ED12-4D95-987E-DC53D936A8B6}.Debug|x86.ActiveCfg = Debug|Any CPU
		{7F5CFFAE-ED12-4D95-987E-DC53D936A8B6}.Debug|x86.Build.0 = Debug|Any CPU
		{7F5CFFAE-ED12-4D95-987E-DC53D936A8B6}.Release|Any CPU.ActiveCfg = Release|Any CPU
		{7F5CFFAE-ED12-4D95-987E-DC53D936A8B6}.Release|Any CPU.Build.0 = Release|Any CPU
		{7F5CFFAE-ED12-4D95-987E-DC53D936A8B6}.Release|x64.ActiveCfg = Release|Any CPU
		{7F5CFFAE-ED12-4D95-987E-DC53D936A8B6}.Release|x64.Build.0 = Release|Any CPU
		{7F5CFFAE-ED12-4D95-987E-DC53D936A8B6}.Release|x86.ActiveCfg = Release|Any CPU
		{7F5CFFAE-ED12-4D95-987E-DC53D936A8B6}.Release|x86.Build.0 = Release|Any CPU
		{41A97572-70DE-4651-B92F-404AD4AF7A19}.Debug|Any CPU.ActiveCfg = Debug|Any CPU
		{41A97572-70DE-4651-B92F-404AD4AF7A19}.Debug|Any CPU.Build.0 = Debug|Any CPU
		{41A97572-70DE-4651-B92F-404AD4AF7A19}.Debug|x64.ActiveCfg = Debug|Any CPU
		{41A97572-70DE-4651-B92F-404AD4AF7A19}.Debug|x64.Build.0 = Debug|Any CPU
		{41A97572-70DE-4651-B92F-404AD4AF7A19}.Debug|x86.ActiveCfg = Debug|Any CPU
		{41A97572-70DE-4651-B92F-404AD4AF7A19}.Debug|x86.Build.0 = Debug|Any CPU
		{41A97572-70DE-4651-B92F-404AD4AF7A19}.Release|Any CPU.ActiveCfg = Release|Any CPU
		{41A97572-70DE-4651-B92F-404AD4AF7A19}.Release|Any CPU.Build.0 = Release|Any CPU
		{41A97572-70DE-4651-B92F-404AD4AF7A19}.Release|x64.ActiveCfg = Release|Any CPU
		{41A97572-70DE-4651-B92F-404AD4AF7A19}.Release|x64.Build.0 = Release|Any CPU
		{41A97572-70DE-4651-B92F-404AD4AF7A19}.Release|x86.ActiveCfg = Release|Any CPU
		{41A97572-70DE-4651-B92F-404AD4AF7A19}.Release|x86.Build.0 = Release|Any CPU
		{47CB3695-C9AC-461D-BE2C-FE9E8FCF2689}.Debug|Any CPU.ActiveCfg = Debug|Any CPU
		{47CB3695-C9AC-461D-BE2C-FE9E8FCF2689}.Debug|Any CPU.Build.0 = Debug|Any CPU
		{47CB3695-C9AC-461D-BE2C-FE9E8FCF2689}.Debug|x64.ActiveCfg = Debug|Any CPU
		{47CB3695-C9AC-461D-BE2C-FE9E8FCF2689}.Debug|x64.Build.0 = Debug|Any CPU
		{47CB3695-C9AC-461D-BE2C-FE9E8FCF2689}.Debug|x86.ActiveCfg = Debug|Any CPU
		{47CB3695-C9AC-461D-BE2C-FE9E8FCF2689}.Debug|x86.Build.0 = Debug|Any CPU
		{47CB3695-C9AC-461D-BE2C-FE9E8FCF2689}.Release|Any CPU.ActiveCfg = Release|Any CPU
		{47CB3695-C9AC-461D-BE2C-FE9E8FCF2689}.Release|Any CPU.Build.0 = Release|Any CPU
		{47CB3695-C9AC-461D-BE2C-FE9E8FCF2689}.Release|x64.ActiveCfg = Release|Any CPU
		{47CB3695-C9AC-461D-BE2C-FE9E8FCF2689}.Release|x64.Build.0 = Release|Any CPU
		{47CB3695-C9AC-461D-BE2C-FE9E8FCF2689}.Release|x86.ActiveCfg = Release|Any CPU
		{47CB3695-C9AC-461D-BE2C-FE9E8FCF2689}.Release|x86.Build.0 = Release|Any CPU
		{4FA4D735-461C-434C-8FCD-A14590AB6B60}.Debug|Any CPU.ActiveCfg = Debug|Any CPU
		{4FA4D735-461C-434C-8FCD-A14590AB6B60}.Debug|Any CPU.Build.0 = Debug|Any CPU
		{4FA4D735-461C-434C-8FCD-A14590AB6B60}.Debug|x64.ActiveCfg = Debug|Any CPU
		{4FA4D735-461C-434C-8FCD-A14590AB6B60}.Debug|x64.Build.0 = Debug|Any CPU
		{4FA4D735-461C-434C-8FCD-A14590AB6B60}.Debug|x86.ActiveCfg = Debug|Any CPU
		{4FA4D735-461C-434C-8FCD-A14590AB6B60}.Debug|x86.Build.0 = Debug|Any CPU
		{4FA4D735-461C-434C-8FCD-A14590AB6B60}.Release|Any CPU.ActiveCfg = Release|Any CPU
		{4FA4D735-461C-434C-8FCD-A14590AB6B60}.Release|Any CPU.Build.0 = Release|Any CPU
		{4FA4D735-461C-434C-8FCD-A14590AB6B60}.Release|x64.ActiveCfg = Release|Any CPU
		{4FA4D735-461C-434C-8FCD-A14590AB6B60}.Release|x64.Build.0 = Release|Any CPU
		{4FA4D735-461C-434C-8FCD-A14590AB6B60}.Release|x86.ActiveCfg = Release|Any CPU
		{4FA4D735-461C-434C-8FCD-A14590AB6B60}.Release|x86.Build.0 = Release|Any CPU
		{A9762225-8CCC-472A-8950-7CD67A22B1E0}.Debug|Any CPU.ActiveCfg = Debug|Any CPU
		{A9762225-8CCC-472A-8950-7CD67A22B1E0}.Debug|Any CPU.Build.0 = Debug|Any CPU
		{A9762225-8CCC-472A-8950-7CD67A22B1E0}.Debug|x64.ActiveCfg = Debug|Any CPU
		{A9762225-8CCC-472A-8950-7CD67A22B1E0}.Debug|x64.Build.0 = Debug|Any CPU
		{A9762225-8CCC-472A-8950-7CD67A22B1E0}.Debug|x86.ActiveCfg = Debug|Any CPU
		{A9762225-8CCC-472A-8950-7CD67A22B1E0}.Debug|x86.Build.0 = Debug|Any CPU
		{A9762225-8CCC-472A-8950-7CD67A22B1E0}.Release|Any CPU.ActiveCfg = Release|Any CPU
		{A9762225-8CCC-472A-8950-7CD67A22B1E0}.Release|Any CPU.Build.0 = Release|Any CPU
		{A9762225-8CCC-472A-8950-7CD67A22B1E0}.Release|x64.ActiveCfg = Release|Any CPU
		{A9762225-8CCC-472A-8950-7CD67A22B1E0}.Release|x64.Build.0 = Release|Any CPU
		{A9762225-8CCC-472A-8950-7CD67A22B1E0}.Release|x86.ActiveCfg = Release|Any CPU
		{A9762225-8CCC-472A-8950-7CD67A22B1E0}.Release|x86.Build.0 = Release|Any CPU
		{6817B5DF-0F4C-44C5-9235-B3B518C2B499}.Debug|Any CPU.ActiveCfg = Debug|Any CPU
		{6817B5DF-0F4C-44C5-9235-B3B518C2B499}.Debug|Any CPU.Build.0 = Debug|Any CPU
		{6817B5DF-0F4C-44C5-9235-B3B518C2B499}.Debug|x64.ActiveCfg = Debug|Any CPU
		{6817B5DF-0F4C-44C5-9235-B3B518C2B499}.Debug|x64.Build.0 = Debug|Any CPU
		{6817B5DF-0F4C-44C5-9235-B3B518C2B499}.Debug|x86.ActiveCfg = Debug|Any CPU
		{6817B5DF-0F4C-44C5-9235-B3B518C2B499}.Debug|x86.Build.0 = Debug|Any CPU
		{6817B5DF-0F4C-44C5-9235-B3B518C2B499}.Release|Any CPU.ActiveCfg = Release|Any CPU
		{6817B5DF-0F4C-44C5-9235-B3B518C2B499}.Release|Any CPU.Build.0 = Release|Any CPU
		{6817B5DF-0F4C-44C5-9235-B3B518C2B499}.Release|x64.ActiveCfg = Release|Any CPU
		{6817B5DF-0F4C-44C5-9235-B3B518C2B499}.Release|x64.Build.0 = Release|Any CPU
		{6817B5DF-0F4C-44C5-9235-B3B518C2B499}.Release|x86.ActiveCfg = Release|Any CPU
		{6817B5DF-0F4C-44C5-9235-B3B518C2B499}.Release|x86.Build.0 = Release|Any CPU
		{62B85034-178C-4B29-9530-7AD5A3258FF3}.Debug|Any CPU.ActiveCfg = Debug|Any CPU
		{62B85034-178C-4B29-9530-7AD5A3258FF3}.Debug|Any CPU.Build.0 = Debug|Any CPU
		{62B85034-178C-4B29-9530-7AD5A3258FF3}.Debug|x64.ActiveCfg = Debug|Any CPU
		{62B85034-178C-4B29-9530-7AD5A3258FF3}.Debug|x64.Build.0 = Debug|Any CPU
		{62B85034-178C-4B29-9530-7AD5A3258FF3}.Debug|x86.ActiveCfg = Debug|Any CPU
		{62B85034-178C-4B29-9530-7AD5A3258FF3}.Debug|x86.Build.0 = Debug|Any CPU
		{62B85034-178C-4B29-9530-7AD5A3258FF3}.Release|Any CPU.ActiveCfg = Release|Any CPU
		{62B85034-178C-4B29-9530-7AD5A3258FF3}.Release|Any CPU.Build.0 = Release|Any CPU
		{62B85034-178C-4B29-9530-7AD5A3258FF3}.Release|x64.ActiveCfg = Release|Any CPU
		{62B85034-178C-4B29-9530-7AD5A3258FF3}.Release|x64.Build.0 = Release|Any CPU
		{62B85034-178C-4B29-9530-7AD5A3258FF3}.Release|x86.ActiveCfg = Release|Any CPU
		{62B85034-178C-4B29-9530-7AD5A3258FF3}.Release|x86.Build.0 = Release|Any CPU
		{1E0F0998-CB9C-4C1D-B420-FB4BCE4772CF}.Debug|Any CPU.ActiveCfg = Debug|Any CPU
		{1E0F0998-CB9C-4C1D-B420-FB4BCE4772CF}.Debug|Any CPU.Build.0 = Debug|Any CPU
		{1E0F0998-CB9C-4C1D-B420-FB4BCE4772CF}.Debug|x64.ActiveCfg = Debug|Any CPU
		{1E0F0998-CB9C-4C1D-B420-FB4BCE4772CF}.Debug|x64.Build.0 = Debug|Any CPU
		{1E0F0998-CB9C-4C1D-B420-FB4BCE4772CF}.Debug|x86.ActiveCfg = Debug|Any CPU
		{1E0F0998-CB9C-4C1D-B420-FB4BCE4772CF}.Debug|x86.Build.0 = Debug|Any CPU
		{1E0F0998-CB9C-4C1D-B420-FB4BCE4772CF}.Release|Any CPU.ActiveCfg = Release|Any CPU
		{1E0F0998-CB9C-4C1D-B420-FB4BCE4772CF}.Release|Any CPU.Build.0 = Release|Any CPU
		{1E0F0998-CB9C-4C1D-B420-FB4BCE4772CF}.Release|x64.ActiveCfg = Release|Any CPU
		{1E0F0998-CB9C-4C1D-B420-FB4BCE4772CF}.Release|x64.Build.0 = Release|Any CPU
		{1E0F0998-CB9C-4C1D-B420-FB4BCE4772CF}.Release|x86.ActiveCfg = Release|Any CPU
		{1E0F0998-CB9C-4C1D-B420-FB4BCE4772CF}.Release|x86.Build.0 = Release|Any CPU
		{DCC5F146-0D8C-4586-A371-711110A49D87}.Debug|Any CPU.ActiveCfg = Debug|Any CPU
		{DCC5F146-0D8C-4586-A371-711110A49D87}.Debug|Any CPU.Build.0 = Debug|Any CPU
		{DCC5F146-0D8C-4586-A371-711110A49D87}.Debug|x64.ActiveCfg = Debug|Any CPU
		{DCC5F146-0D8C-4586-A371-711110A49D87}.Debug|x64.Build.0 = Debug|Any CPU
		{DCC5F146-0D8C-4586-A371-711110A49D87}.Debug|x86.ActiveCfg = Debug|Any CPU
		{DCC5F146-0D8C-4586-A371-711110A49D87}.Debug|x86.Build.0 = Debug|Any CPU
		{DCC5F146-0D8C-4586-A371-711110A49D87}.Release|Any CPU.ActiveCfg = Release|Any CPU
		{DCC5F146-0D8C-4586-A371-711110A49D87}.Release|Any CPU.Build.0 = Release|Any CPU
		{DCC5F146-0D8C-4586-A371-711110A49D87}.Release|x64.ActiveCfg = Release|Any CPU
		{DCC5F146-0D8C-4586-A371-711110A49D87}.Release|x64.Build.0 = Release|Any CPU
		{DCC5F146-0D8C-4586-A371-711110A49D87}.Release|x86.ActiveCfg = Release|Any CPU
		{DCC5F146-0D8C-4586-A371-711110A49D87}.Release|x86.Build.0 = Release|Any CPU
		{02D7156A-93BF-4600-97C9-A57C0EECAD99}.Debug|Any CPU.ActiveCfg = Debug|Any CPU
		{02D7156A-93BF-4600-97C9-A57C0EECAD99}.Debug|Any CPU.Build.0 = Debug|Any CPU
		{02D7156A-93BF-4600-97C9-A57C0EECAD99}.Debug|x64.ActiveCfg = Debug|Any CPU
		{02D7156A-93BF-4600-97C9-A57C0EECAD99}.Debug|x64.Build.0 = Debug|Any CPU
		{02D7156A-93BF-4600-97C9-A57C0EECAD99}.Debug|x86.ActiveCfg = Debug|Any CPU
		{02D7156A-93BF-4600-97C9-A57C0EECAD99}.Debug|x86.Build.0 = Debug|Any CPU
		{02D7156A-93BF-4600-97C9-A57C0EECAD99}.Release|Any CPU.ActiveCfg = Release|Any CPU
		{02D7156A-93BF-4600-97C9-A57C0EECAD99}.Release|Any CPU.Build.0 = Release|Any CPU
		{02D7156A-93BF-4600-97C9-A57C0EECAD99}.Release|x64.ActiveCfg = Release|Any CPU
		{02D7156A-93BF-4600-97C9-A57C0EECAD99}.Release|x64.Build.0 = Release|Any CPU
		{02D7156A-93BF-4600-97C9-A57C0EECAD99}.Release|x86.ActiveCfg = Release|Any CPU
		{02D7156A-93BF-4600-97C9-A57C0EECAD99}.Release|x86.Build.0 = Release|Any CPU
		{6FC15BB7-9795-4BED-8126-C83BD5C963FD}.Debug|Any CPU.ActiveCfg = Debug|Any CPU
		{6FC15BB7-9795-4BED-8126-C83BD5C963FD}.Debug|Any CPU.Build.0 = Debug|Any CPU
		{6FC15BB7-9795-4BED-8126-C83BD5C963FD}.Debug|x64.ActiveCfg = Debug|Any CPU
		{6FC15BB7-9795-4BED-8126-C83BD5C963FD}.Debug|x64.Build.0 = Debug|Any CPU
		{6FC15BB7-9795-4BED-8126-C83BD5C963FD}.Debug|x86.ActiveCfg = Debug|Any CPU
		{6FC15BB7-9795-4BED-8126-C83BD5C963FD}.Debug|x86.Build.0 = Debug|Any CPU
		{6FC15BB7-9795-4BED-8126-C83BD5C963FD}.Release|Any CPU.ActiveCfg = Release|Any CPU
		{6FC15BB7-9795-4BED-8126-C83BD5C963FD}.Release|Any CPU.Build.0 = Release|Any CPU
		{6FC15BB7-9795-4BED-8126-C83BD5C963FD}.Release|x64.ActiveCfg = Release|Any CPU
		{6FC15BB7-9795-4BED-8126-C83BD5C963FD}.Release|x64.Build.0 = Release|Any CPU
		{6FC15BB7-9795-4BED-8126-C83BD5C963FD}.Release|x86.ActiveCfg = Release|Any CPU
		{6FC15BB7-9795-4BED-8126-C83BD5C963FD}.Release|x86.Build.0 = Release|Any CPU
		{A92F270A-935F-485D-B597-07C2E0BA8253}.Debug|Any CPU.ActiveCfg = Debug|Any CPU
		{A92F270A-935F-485D-B597-07C2E0BA8253}.Debug|Any CPU.Build.0 = Debug|Any CPU
		{A92F270A-935F-485D-B597-07C2E0BA8253}.Debug|x64.ActiveCfg = Debug|Any CPU
		{A92F270A-935F-485D-B597-07C2E0BA8253}.Debug|x64.Build.0 = Debug|Any CPU
		{A92F270A-935F-485D-B597-07C2E0BA8253}.Debug|x86.ActiveCfg = Debug|Any CPU
		{A92F270A-935F-485D-B597-07C2E0BA8253}.Debug|x86.Build.0 = Debug|Any CPU
		{A92F270A-935F-485D-B597-07C2E0BA8253}.Release|Any CPU.ActiveCfg = Release|Any CPU
		{A92F270A-935F-485D-B597-07C2E0BA8253}.Release|Any CPU.Build.0 = Release|Any CPU
		{A92F270A-935F-485D-B597-07C2E0BA8253}.Release|x64.ActiveCfg = Release|Any CPU
		{A92F270A-935F-485D-B597-07C2E0BA8253}.Release|x64.Build.0 = Release|Any CPU
		{A92F270A-935F-485D-B597-07C2E0BA8253}.Release|x86.ActiveCfg = Release|Any CPU
		{A92F270A-935F-485D-B597-07C2E0BA8253}.Release|x86.Build.0 = Release|Any CPU
		{58CE16C3-5151-4C36-9541-D748A9A35DD8}.Debug|Any CPU.ActiveCfg = Debug|Any CPU
		{58CE16C3-5151-4C36-9541-D748A9A35DD8}.Debug|Any CPU.Build.0 = Debug|Any CPU
		{58CE16C3-5151-4C36-9541-D748A9A35DD8}.Debug|x64.ActiveCfg = Debug|Any CPU
		{58CE16C3-5151-4C36-9541-D748A9A35DD8}.Debug|x64.Build.0 = Debug|Any CPU
		{58CE16C3-5151-4C36-9541-D748A9A35DD8}.Debug|x86.ActiveCfg = Debug|Any CPU
		{58CE16C3-5151-4C36-9541-D748A9A35DD8}.Debug|x86.Build.0 = Debug|Any CPU
		{58CE16C3-5151-4C36-9541-D748A9A35DD8}.Release|Any CPU.ActiveCfg = Release|Any CPU
		{58CE16C3-5151-4C36-9541-D748A9A35DD8}.Release|Any CPU.Build.0 = Release|Any CPU
		{58CE16C3-5151-4C36-9541-D748A9A35DD8}.Release|x64.ActiveCfg = Release|Any CPU
		{58CE16C3-5151-4C36-9541-D748A9A35DD8}.Release|x64.Build.0 = Release|Any CPU
		{58CE16C3-5151-4C36-9541-D748A9A35DD8}.Release|x86.ActiveCfg = Release|Any CPU
		{58CE16C3-5151-4C36-9541-D748A9A35DD8}.Release|x86.Build.0 = Release|Any CPU
		{27ED2B92-9C54-4D61-9BEC-1BFCC504BE61}.Debug|Any CPU.ActiveCfg = Debug|Any CPU
		{27ED2B92-9C54-4D61-9BEC-1BFCC504BE61}.Debug|Any CPU.Build.0 = Debug|Any CPU
		{27ED2B92-9C54-4D61-9BEC-1BFCC504BE61}.Debug|x64.ActiveCfg = Debug|Any CPU
		{27ED2B92-9C54-4D61-9BEC-1BFCC504BE61}.Debug|x64.Build.0 = Debug|Any CPU
		{27ED2B92-9C54-4D61-9BEC-1BFCC504BE61}.Debug|x86.ActiveCfg = Debug|Any CPU
		{27ED2B92-9C54-4D61-9BEC-1BFCC504BE61}.Debug|x86.Build.0 = Debug|Any CPU
		{27ED2B92-9C54-4D61-9BEC-1BFCC504BE61}.Release|Any CPU.ActiveCfg = Release|Any CPU
		{27ED2B92-9C54-4D61-9BEC-1BFCC504BE61}.Release|Any CPU.Build.0 = Release|Any CPU
		{27ED2B92-9C54-4D61-9BEC-1BFCC504BE61}.Release|x64.ActiveCfg = Release|Any CPU
		{27ED2B92-9C54-4D61-9BEC-1BFCC504BE61}.Release|x64.Build.0 = Release|Any CPU
		{27ED2B92-9C54-4D61-9BEC-1BFCC504BE61}.Release|x86.ActiveCfg = Release|Any CPU
		{27ED2B92-9C54-4D61-9BEC-1BFCC504BE61}.Release|x86.Build.0 = Release|Any CPU
		{8D17FB5C-8F6A-474D-9887-69F6A316ED4D}.Debug|Any CPU.ActiveCfg = Debug|Any CPU
		{8D17FB5C-8F6A-474D-9887-69F6A316ED4D}.Debug|Any CPU.Build.0 = Debug|Any CPU
		{8D17FB5C-8F6A-474D-9887-69F6A316ED4D}.Debug|x64.ActiveCfg = Debug|Any CPU
		{8D17FB5C-8F6A-474D-9887-69F6A316ED4D}.Debug|x64.Build.0 = Debug|Any CPU
		{8D17FB5C-8F6A-474D-9887-69F6A316ED4D}.Debug|x86.ActiveCfg = Debug|Any CPU
		{8D17FB5C-8F6A-474D-9887-69F6A316ED4D}.Debug|x86.Build.0 = Debug|Any CPU
		{8D17FB5C-8F6A-474D-9887-69F6A316ED4D}.Release|Any CPU.ActiveCfg = Release|Any CPU
		{8D17FB5C-8F6A-474D-9887-69F6A316ED4D}.Release|Any CPU.Build.0 = Release|Any CPU
		{8D17FB5C-8F6A-474D-9887-69F6A316ED4D}.Release|x64.ActiveCfg = Release|Any CPU
		{8D17FB5C-8F6A-474D-9887-69F6A316ED4D}.Release|x64.Build.0 = Release|Any CPU
		{8D17FB5C-8F6A-474D-9887-69F6A316ED4D}.Release|x86.ActiveCfg = Release|Any CPU
		{8D17FB5C-8F6A-474D-9887-69F6A316ED4D}.Release|x86.Build.0 = Release|Any CPU
		{869DEB17-8532-4497-BFCC-3479A79104D7}.Debug|Any CPU.ActiveCfg = Debug|Any CPU
		{869DEB17-8532-4497-BFCC-3479A79104D7}.Debug|Any CPU.Build.0 = Debug|Any CPU
		{869DEB17-8532-4497-BFCC-3479A79104D7}.Debug|x64.ActiveCfg = Debug|Any CPU
		{869DEB17-8532-4497-BFCC-3479A79104D7}.Debug|x64.Build.0 = Debug|Any CPU
		{869DEB17-8532-4497-BFCC-3479A79104D7}.Debug|x86.ActiveCfg = Debug|Any CPU
		{869DEB17-8532-4497-BFCC-3479A79104D7}.Debug|x86.Build.0 = Debug|Any CPU
		{869DEB17-8532-4497-BFCC-3479A79104D7}.Release|Any CPU.ActiveCfg = Release|Any CPU
		{869DEB17-8532-4497-BFCC-3479A79104D7}.Release|Any CPU.Build.0 = Release|Any CPU
		{869DEB17-8532-4497-BFCC-3479A79104D7}.Release|x64.ActiveCfg = Release|Any CPU
		{869DEB17-8532-4497-BFCC-3479A79104D7}.Release|x64.Build.0 = Release|Any CPU
		{869DEB17-8532-4497-BFCC-3479A79104D7}.Release|x86.ActiveCfg = Release|Any CPU
		{869DEB17-8532-4497-BFCC-3479A79104D7}.Release|x86.Build.0 = Release|Any CPU
		{3C69EFF6-6CF5-43C1-AFE2-72C047C34E95}.Debug|Any CPU.ActiveCfg = Debug|Any CPU
		{3C69EFF6-6CF5-43C1-AFE2-72C047C34E95}.Debug|Any CPU.Build.0 = Debug|Any CPU
		{3C69EFF6-6CF5-43C1-AFE2-72C047C34E95}.Debug|x64.ActiveCfg = Debug|Any CPU
		{3C69EFF6-6CF5-43C1-AFE2-72C047C34E95}.Debug|x64.Build.0 = Debug|Any CPU
		{3C69EFF6-6CF5-43C1-AFE2-72C047C34E95}.Debug|x86.ActiveCfg = Debug|Any CPU
		{3C69EFF6-6CF5-43C1-AFE2-72C047C34E95}.Debug|x86.Build.0 = Debug|Any CPU
		{3C69EFF6-6CF5-43C1-AFE2-72C047C34E95}.Release|Any CPU.ActiveCfg = Release|Any CPU
		{3C69EFF6-6CF5-43C1-AFE2-72C047C34E95}.Release|Any CPU.Build.0 = Release|Any CPU
		{3C69EFF6-6CF5-43C1-AFE2-72C047C34E95}.Release|x64.ActiveCfg = Release|Any CPU
		{3C69EFF6-6CF5-43C1-AFE2-72C047C34E95}.Release|x64.Build.0 = Release|Any CPU
		{3C69EFF6-6CF5-43C1-AFE2-72C047C34E95}.Release|x86.ActiveCfg = Release|Any CPU
		{3C69EFF6-6CF5-43C1-AFE2-72C047C34E95}.Release|x86.Build.0 = Release|Any CPU
		{AF1C6AAF-57A9-4244-9811-4551D4FAD906}.Debug|Any CPU.ActiveCfg = Debug|Any CPU
		{AF1C6AAF-57A9-4244-9811-4551D4FAD906}.Debug|Any CPU.Build.0 = Debug|Any CPU
		{AF1C6AAF-57A9-4244-9811-4551D4FAD906}.Debug|x64.ActiveCfg = Debug|Any CPU
		{AF1C6AAF-57A9-4244-9811-4551D4FAD906}.Debug|x64.Build.0 = Debug|Any CPU
		{AF1C6AAF-57A9-4244-9811-4551D4FAD906}.Debug|x86.ActiveCfg = Debug|Any CPU
		{AF1C6AAF-57A9-4244-9811-4551D4FAD906}.Debug|x86.Build.0 = Debug|Any CPU
		{AF1C6AAF-57A9-4244-9811-4551D4FAD906}.Release|Any CPU.ActiveCfg = Release|Any CPU
		{AF1C6AAF-57A9-4244-9811-4551D4FAD906}.Release|Any CPU.Build.0 = Release|Any CPU
		{AF1C6AAF-57A9-4244-9811-4551D4FAD906}.Release|x64.ActiveCfg = Release|Any CPU
		{AF1C6AAF-57A9-4244-9811-4551D4FAD906}.Release|x64.Build.0 = Release|Any CPU
		{AF1C6AAF-57A9-4244-9811-4551D4FAD906}.Release|x86.ActiveCfg = Release|Any CPU
		{AF1C6AAF-57A9-4244-9811-4551D4FAD906}.Release|x86.Build.0 = Release|Any CPU
		{6B14E62B-B794-4424-91DD-868C80585AC5}.Debug|Any CPU.ActiveCfg = Debug|Any CPU
		{6B14E62B-B794-4424-91DD-868C80585AC5}.Debug|Any CPU.Build.0 = Debug|Any CPU
		{6B14E62B-B794-4424-91DD-868C80585AC5}.Debug|x64.ActiveCfg = Debug|Any CPU
		{6B14E62B-B794-4424-91DD-868C80585AC5}.Debug|x64.Build.0 = Debug|Any CPU
		{6B14E62B-B794-4424-91DD-868C80585AC5}.Debug|x86.ActiveCfg = Debug|Any CPU
		{6B14E62B-B794-4424-91DD-868C80585AC5}.Debug|x86.Build.0 = Debug|Any CPU
		{6B14E62B-B794-4424-91DD-868C80585AC5}.Release|Any CPU.ActiveCfg = Release|Any CPU
		{6B14E62B-B794-4424-91DD-868C80585AC5}.Release|Any CPU.Build.0 = Release|Any CPU
		{6B14E62B-B794-4424-91DD-868C80585AC5}.Release|x64.ActiveCfg = Release|Any CPU
		{6B14E62B-B794-4424-91DD-868C80585AC5}.Release|x64.Build.0 = Release|Any CPU
		{6B14E62B-B794-4424-91DD-868C80585AC5}.Release|x86.ActiveCfg = Release|Any CPU
		{6B14E62B-B794-4424-91DD-868C80585AC5}.Release|x86.Build.0 = Release|Any CPU
		{9B2A7DD8-8C84-4C4A-8048-E6A8B27F021F}.Debug|Any CPU.ActiveCfg = Debug|Any CPU
		{9B2A7DD8-8C84-4C4A-8048-E6A8B27F021F}.Debug|Any CPU.Build.0 = Debug|Any CPU
		{9B2A7DD8-8C84-4C4A-8048-E6A8B27F021F}.Debug|x64.ActiveCfg = Debug|Any CPU
		{9B2A7DD8-8C84-4C4A-8048-E6A8B27F021F}.Debug|x64.Build.0 = Debug|Any CPU
		{9B2A7DD8-8C84-4C4A-8048-E6A8B27F021F}.Debug|x86.ActiveCfg = Debug|Any CPU
		{9B2A7DD8-8C84-4C4A-8048-E6A8B27F021F}.Debug|x86.Build.0 = Debug|Any CPU
		{9B2A7DD8-8C84-4C4A-8048-E6A8B27F021F}.Release|Any CPU.ActiveCfg = Release|Any CPU
		{9B2A7DD8-8C84-4C4A-8048-E6A8B27F021F}.Release|Any CPU.Build.0 = Release|Any CPU
		{9B2A7DD8-8C84-4C4A-8048-E6A8B27F021F}.Release|x64.ActiveCfg = Release|Any CPU
		{9B2A7DD8-8C84-4C4A-8048-E6A8B27F021F}.Release|x64.Build.0 = Release|Any CPU
		{9B2A7DD8-8C84-4C4A-8048-E6A8B27F021F}.Release|x86.ActiveCfg = Release|Any CPU
		{9B2A7DD8-8C84-4C4A-8048-E6A8B27F021F}.Release|x86.Build.0 = Release|Any CPU
		{3FFA3A6D-261C-4F76-9409-934F58F4DB04}.Debug|Any CPU.ActiveCfg = Debug|Any CPU
		{3FFA3A6D-261C-4F76-9409-934F58F4DB04}.Debug|Any CPU.Build.0 = Debug|Any CPU
		{3FFA3A6D-261C-4F76-9409-934F58F4DB04}.Debug|x64.ActiveCfg = Debug|Any CPU
		{3FFA3A6D-261C-4F76-9409-934F58F4DB04}.Debug|x64.Build.0 = Debug|Any CPU
		{3FFA3A6D-261C-4F76-9409-934F58F4DB04}.Debug|x86.ActiveCfg = Debug|Any CPU
		{3FFA3A6D-261C-4F76-9409-934F58F4DB04}.Debug|x86.Build.0 = Debug|Any CPU
		{3FFA3A6D-261C-4F76-9409-934F58F4DB04}.Release|Any CPU.ActiveCfg = Release|Any CPU
		{3FFA3A6D-261C-4F76-9409-934F58F4DB04}.Release|Any CPU.Build.0 = Release|Any CPU
		{3FFA3A6D-261C-4F76-9409-934F58F4DB04}.Release|x64.ActiveCfg = Release|Any CPU
		{3FFA3A6D-261C-4F76-9409-934F58F4DB04}.Release|x64.Build.0 = Release|Any CPU
		{3FFA3A6D-261C-4F76-9409-934F58F4DB04}.Release|x86.ActiveCfg = Release|Any CPU
		{3FFA3A6D-261C-4F76-9409-934F58F4DB04}.Release|x86.Build.0 = Release|Any CPU
		{06B3C104-4514-4D2B-855A-5629AD4B3F74}.Debug|Any CPU.ActiveCfg = Debug|Any CPU
		{06B3C104-4514-4D2B-855A-5629AD4B3F74}.Debug|Any CPU.Build.0 = Debug|Any CPU
		{06B3C104-4514-4D2B-855A-5629AD4B3F74}.Debug|x64.ActiveCfg = Debug|Any CPU
		{06B3C104-4514-4D2B-855A-5629AD4B3F74}.Debug|x64.Build.0 = Debug|Any CPU
		{06B3C104-4514-4D2B-855A-5629AD4B3F74}.Debug|x86.ActiveCfg = Debug|Any CPU
		{06B3C104-4514-4D2B-855A-5629AD4B3F74}.Debug|x86.Build.0 = Debug|Any CPU
		{06B3C104-4514-4D2B-855A-5629AD4B3F74}.Release|Any CPU.ActiveCfg = Release|Any CPU
		{06B3C104-4514-4D2B-855A-5629AD4B3F74}.Release|Any CPU.Build.0 = Release|Any CPU
		{06B3C104-4514-4D2B-855A-5629AD4B3F74}.Release|x64.ActiveCfg = Release|Any CPU
		{06B3C104-4514-4D2B-855A-5629AD4B3F74}.Release|x64.Build.0 = Release|Any CPU
		{06B3C104-4514-4D2B-855A-5629AD4B3F74}.Release|x86.ActiveCfg = Release|Any CPU
		{06B3C104-4514-4D2B-855A-5629AD4B3F74}.Release|x86.Build.0 = Release|Any CPU
		{ECFE6BA6-102E-4C9B-983A-F4BAF93589F7}.Debug|Any CPU.ActiveCfg = Debug|Any CPU
		{ECFE6BA6-102E-4C9B-983A-F4BAF93589F7}.Debug|Any CPU.Build.0 = Debug|Any CPU
		{ECFE6BA6-102E-4C9B-983A-F4BAF93589F7}.Debug|x64.ActiveCfg = Debug|Any CPU
		{ECFE6BA6-102E-4C9B-983A-F4BAF93589F7}.Debug|x64.Build.0 = Debug|Any CPU
		{ECFE6BA6-102E-4C9B-983A-F4BAF93589F7}.Debug|x86.ActiveCfg = Debug|Any CPU
		{ECFE6BA6-102E-4C9B-983A-F4BAF93589F7}.Debug|x86.Build.0 = Debug|Any CPU
		{ECFE6BA6-102E-4C9B-983A-F4BAF93589F7}.Release|Any CPU.ActiveCfg = Release|Any CPU
		{ECFE6BA6-102E-4C9B-983A-F4BAF93589F7}.Release|Any CPU.Build.0 = Release|Any CPU
		{ECFE6BA6-102E-4C9B-983A-F4BAF93589F7}.Release|x64.ActiveCfg = Release|Any CPU
		{ECFE6BA6-102E-4C9B-983A-F4BAF93589F7}.Release|x64.Build.0 = Release|Any CPU
		{ECFE6BA6-102E-4C9B-983A-F4BAF93589F7}.Release|x86.ActiveCfg = Release|Any CPU
		{ECFE6BA6-102E-4C9B-983A-F4BAF93589F7}.Release|x86.Build.0 = Release|Any CPU
		{D79822DF-E59D-4209-847E-3522FBB7C2D2}.Debug|Any CPU.ActiveCfg = Debug|Any CPU
		{D79822DF-E59D-4209-847E-3522FBB7C2D2}.Debug|Any CPU.Build.0 = Debug|Any CPU
		{D79822DF-E59D-4209-847E-3522FBB7C2D2}.Debug|x64.ActiveCfg = Debug|Any CPU
		{D79822DF-E59D-4209-847E-3522FBB7C2D2}.Debug|x64.Build.0 = Debug|Any CPU
		{D79822DF-E59D-4209-847E-3522FBB7C2D2}.Debug|x86.ActiveCfg = Debug|Any CPU
		{D79822DF-E59D-4209-847E-3522FBB7C2D2}.Debug|x86.Build.0 = Debug|Any CPU
		{D79822DF-E59D-4209-847E-3522FBB7C2D2}.Release|Any CPU.ActiveCfg = Release|Any CPU
		{D79822DF-E59D-4209-847E-3522FBB7C2D2}.Release|Any CPU.Build.0 = Release|Any CPU
		{D79822DF-E59D-4209-847E-3522FBB7C2D2}.Release|x64.ActiveCfg = Release|Any CPU
		{D79822DF-E59D-4209-847E-3522FBB7C2D2}.Release|x64.Build.0 = Release|Any CPU
		{D79822DF-E59D-4209-847E-3522FBB7C2D2}.Release|x86.ActiveCfg = Release|Any CPU
		{D79822DF-E59D-4209-847E-3522FBB7C2D2}.Release|x86.Build.0 = Release|Any CPU
		{897BE978-BB08-4768-9214-EC022B054A47}.Debug|Any CPU.ActiveCfg = Debug|Any CPU
		{897BE978-BB08-4768-9214-EC022B054A47}.Debug|Any CPU.Build.0 = Debug|Any CPU
		{897BE978-BB08-4768-9214-EC022B054A47}.Debug|x64.ActiveCfg = Debug|Any CPU
		{897BE978-BB08-4768-9214-EC022B054A47}.Debug|x64.Build.0 = Debug|Any CPU
		{897BE978-BB08-4768-9214-EC022B054A47}.Debug|x86.ActiveCfg = Debug|Any CPU
		{897BE978-BB08-4768-9214-EC022B054A47}.Debug|x86.Build.0 = Debug|Any CPU
		{897BE978-BB08-4768-9214-EC022B054A47}.Release|Any CPU.ActiveCfg = Release|Any CPU
		{897BE978-BB08-4768-9214-EC022B054A47}.Release|Any CPU.Build.0 = Release|Any CPU
		{897BE978-BB08-4768-9214-EC022B054A47}.Release|x64.ActiveCfg = Release|Any CPU
		{897BE978-BB08-4768-9214-EC022B054A47}.Release|x64.Build.0 = Release|Any CPU
		{897BE978-BB08-4768-9214-EC022B054A47}.Release|x86.ActiveCfg = Release|Any CPU
		{897BE978-BB08-4768-9214-EC022B054A47}.Release|x86.Build.0 = Release|Any CPU
		{117B48B9-1BC1-4541-B2E5-67EA32BA1576}.Debug|Any CPU.ActiveCfg = Debug|Any CPU
		{117B48B9-1BC1-4541-B2E5-67EA32BA1576}.Debug|Any CPU.Build.0 = Debug|Any CPU
		{117B48B9-1BC1-4541-B2E5-67EA32BA1576}.Debug|x64.ActiveCfg = Debug|Any CPU
		{117B48B9-1BC1-4541-B2E5-67EA32BA1576}.Debug|x64.Build.0 = Debug|Any CPU
		{117B48B9-1BC1-4541-B2E5-67EA32BA1576}.Debug|x86.ActiveCfg = Debug|Any CPU
		{117B48B9-1BC1-4541-B2E5-67EA32BA1576}.Debug|x86.Build.0 = Debug|Any CPU
		{117B48B9-1BC1-4541-B2E5-67EA32BA1576}.Release|Any CPU.ActiveCfg = Release|Any CPU
		{117B48B9-1BC1-4541-B2E5-67EA32BA1576}.Release|Any CPU.Build.0 = Release|Any CPU
		{117B48B9-1BC1-4541-B2E5-67EA32BA1576}.Release|x64.ActiveCfg = Release|Any CPU
		{117B48B9-1BC1-4541-B2E5-67EA32BA1576}.Release|x64.Build.0 = Release|Any CPU
		{117B48B9-1BC1-4541-B2E5-67EA32BA1576}.Release|x86.ActiveCfg = Release|Any CPU
		{117B48B9-1BC1-4541-B2E5-67EA32BA1576}.Release|x86.Build.0 = Release|Any CPU
		{46F37753-C52D-4286-92C0-18453B7FF25B}.Debug|Any CPU.ActiveCfg = Debug|Any CPU
		{46F37753-C52D-4286-92C0-18453B7FF25B}.Debug|Any CPU.Build.0 = Debug|Any CPU
		{46F37753-C52D-4286-92C0-18453B7FF25B}.Debug|x64.ActiveCfg = Debug|Any CPU
		{46F37753-C52D-4286-92C0-18453B7FF25B}.Debug|x64.Build.0 = Debug|Any CPU
		{46F37753-C52D-4286-92C0-18453B7FF25B}.Debug|x86.ActiveCfg = Debug|Any CPU
		{46F37753-C52D-4286-92C0-18453B7FF25B}.Debug|x86.Build.0 = Debug|Any CPU
		{46F37753-C52D-4286-92C0-18453B7FF25B}.Release|Any CPU.ActiveCfg = Release|Any CPU
		{46F37753-C52D-4286-92C0-18453B7FF25B}.Release|Any CPU.Build.0 = Release|Any CPU
		{46F37753-C52D-4286-92C0-18453B7FF25B}.Release|x64.ActiveCfg = Release|Any CPU
		{46F37753-C52D-4286-92C0-18453B7FF25B}.Release|x64.Build.0 = Release|Any CPU
		{46F37753-C52D-4286-92C0-18453B7FF25B}.Release|x86.ActiveCfg = Release|Any CPU
		{46F37753-C52D-4286-92C0-18453B7FF25B}.Release|x86.Build.0 = Release|Any CPU
		{C7408B50-DC2A-44E5-A028-38B78C397DD0}.Debug|Any CPU.ActiveCfg = Debug|Any CPU
		{C7408B50-DC2A-44E5-A028-38B78C397DD0}.Debug|Any CPU.Build.0 = Debug|Any CPU
		{C7408B50-DC2A-44E5-A028-38B78C397DD0}.Debug|x64.ActiveCfg = Debug|Any CPU
		{C7408B50-DC2A-44E5-A028-38B78C397DD0}.Debug|x64.Build.0 = Debug|Any CPU
		{C7408B50-DC2A-44E5-A028-38B78C397DD0}.Debug|x86.ActiveCfg = Debug|Any CPU
		{C7408B50-DC2A-44E5-A028-38B78C397DD0}.Debug|x86.Build.0 = Debug|Any CPU
		{C7408B50-DC2A-44E5-A028-38B78C397DD0}.Release|Any CPU.ActiveCfg = Release|Any CPU
		{C7408B50-DC2A-44E5-A028-38B78C397DD0}.Release|Any CPU.Build.0 = Release|Any CPU
		{C7408B50-DC2A-44E5-A028-38B78C397DD0}.Release|x64.ActiveCfg = Release|Any CPU
		{C7408B50-DC2A-44E5-A028-38B78C397DD0}.Release|x64.Build.0 = Release|Any CPU
		{C7408B50-DC2A-44E5-A028-38B78C397DD0}.Release|x86.ActiveCfg = Release|Any CPU
		{C7408B50-DC2A-44E5-A028-38B78C397DD0}.Release|x86.Build.0 = Release|Any CPU
		{11C32931-B985-470A-901A-163AFA276ACF}.Debug|Any CPU.ActiveCfg = Debug|Any CPU
		{11C32931-B985-470A-901A-163AFA276ACF}.Debug|Any CPU.Build.0 = Debug|Any CPU
		{11C32931-B985-470A-901A-163AFA276ACF}.Debug|x64.ActiveCfg = Debug|Any CPU
		{11C32931-B985-470A-901A-163AFA276ACF}.Debug|x64.Build.0 = Debug|Any CPU
		{11C32931-B985-470A-901A-163AFA276ACF}.Debug|x86.ActiveCfg = Debug|Any CPU
		{11C32931-B985-470A-901A-163AFA276ACF}.Debug|x86.Build.0 = Debug|Any CPU
		{11C32931-B985-470A-901A-163AFA276ACF}.Release|Any CPU.ActiveCfg = Release|Any CPU
		{11C32931-B985-470A-901A-163AFA276ACF}.Release|Any CPU.Build.0 = Release|Any CPU
		{11C32931-B985-470A-901A-163AFA276ACF}.Release|x64.ActiveCfg = Release|Any CPU
		{11C32931-B985-470A-901A-163AFA276ACF}.Release|x64.Build.0 = Release|Any CPU
		{11C32931-B985-470A-901A-163AFA276ACF}.Release|x86.ActiveCfg = Release|Any CPU
		{11C32931-B985-470A-901A-163AFA276ACF}.Release|x86.Build.0 = Release|Any CPU
		{36634659-BBBD-43FC-8126-54C09F7F4915}.Debug|Any CPU.ActiveCfg = Debug|Any CPU
		{36634659-BBBD-43FC-8126-54C09F7F4915}.Debug|Any CPU.Build.0 = Debug|Any CPU
		{36634659-BBBD-43FC-8126-54C09F7F4915}.Debug|x64.ActiveCfg = Debug|Any CPU
		{36634659-BBBD-43FC-8126-54C09F7F4915}.Debug|x64.Build.0 = Debug|Any CPU
		{36634659-BBBD-43FC-8126-54C09F7F4915}.Debug|x86.ActiveCfg = Debug|Any CPU
		{36634659-BBBD-43FC-8126-54C09F7F4915}.Debug|x86.Build.0 = Debug|Any CPU
		{36634659-BBBD-43FC-8126-54C09F7F4915}.Release|Any CPU.ActiveCfg = Release|Any CPU
		{36634659-BBBD-43FC-8126-54C09F7F4915}.Release|Any CPU.Build.0 = Release|Any CPU
		{36634659-BBBD-43FC-8126-54C09F7F4915}.Release|x64.ActiveCfg = Release|Any CPU
		{36634659-BBBD-43FC-8126-54C09F7F4915}.Release|x64.Build.0 = Release|Any CPU
		{36634659-BBBD-43FC-8126-54C09F7F4915}.Release|x86.ActiveCfg = Release|Any CPU
		{36634659-BBBD-43FC-8126-54C09F7F4915}.Release|x86.Build.0 = Release|Any CPU
		{1A868B10-EC62-4890-99A4-FFFF51B60503}.Debug|Any CPU.ActiveCfg = Debug|Any CPU
		{1A868B10-EC62-4890-99A4-FFFF51B60503}.Debug|Any CPU.Build.0 = Debug|Any CPU
		{1A868B10-EC62-4890-99A4-FFFF51B60503}.Debug|x64.ActiveCfg = Debug|Any CPU
		{1A868B10-EC62-4890-99A4-FFFF51B60503}.Debug|x64.Build.0 = Debug|Any CPU
		{1A868B10-EC62-4890-99A4-FFFF51B60503}.Debug|x86.ActiveCfg = Debug|Any CPU
		{1A868B10-EC62-4890-99A4-FFFF51B60503}.Debug|x86.Build.0 = Debug|Any CPU
		{1A868B10-EC62-4890-99A4-FFFF51B60503}.Release|Any CPU.ActiveCfg = Release|Any CPU
		{1A868B10-EC62-4890-99A4-FFFF51B60503}.Release|Any CPU.Build.0 = Release|Any CPU
		{1A868B10-EC62-4890-99A4-FFFF51B60503}.Release|x64.ActiveCfg = Release|Any CPU
		{1A868B10-EC62-4890-99A4-FFFF51B60503}.Release|x64.Build.0 = Release|Any CPU
		{1A868B10-EC62-4890-99A4-FFFF51B60503}.Release|x86.ActiveCfg = Release|Any CPU
		{1A868B10-EC62-4890-99A4-FFFF51B60503}.Release|x86.Build.0 = Release|Any CPU
		{B6235E0F-018A-4626-9274-B1E1A8091C14}.Debug|Any CPU.ActiveCfg = Debug|Any CPU
		{B6235E0F-018A-4626-9274-B1E1A8091C14}.Debug|Any CPU.Build.0 = Debug|Any CPU
		{B6235E0F-018A-4626-9274-B1E1A8091C14}.Debug|x64.ActiveCfg = Debug|Any CPU
		{B6235E0F-018A-4626-9274-B1E1A8091C14}.Debug|x64.Build.0 = Debug|Any CPU
		{B6235E0F-018A-4626-9274-B1E1A8091C14}.Debug|x86.ActiveCfg = Debug|Any CPU
		{B6235E0F-018A-4626-9274-B1E1A8091C14}.Debug|x86.Build.0 = Debug|Any CPU
		{B6235E0F-018A-4626-9274-B1E1A8091C14}.Release|Any CPU.ActiveCfg = Release|Any CPU
		{B6235E0F-018A-4626-9274-B1E1A8091C14}.Release|Any CPU.Build.0 = Release|Any CPU
		{B6235E0F-018A-4626-9274-B1E1A8091C14}.Release|x64.ActiveCfg = Release|Any CPU
		{B6235E0F-018A-4626-9274-B1E1A8091C14}.Release|x64.Build.0 = Release|Any CPU
		{B6235E0F-018A-4626-9274-B1E1A8091C14}.Release|x86.ActiveCfg = Release|Any CPU
		{B6235E0F-018A-4626-9274-B1E1A8091C14}.Release|x86.Build.0 = Release|Any CPU
		{EBC7B674-458E-4123-ACB1-17EC3022044F}.Debug|Any CPU.ActiveCfg = Debug|Any CPU
		{EBC7B674-458E-4123-ACB1-17EC3022044F}.Debug|Any CPU.Build.0 = Debug|Any CPU
		{EBC7B674-458E-4123-ACB1-17EC3022044F}.Debug|x64.ActiveCfg = Debug|Any CPU
		{EBC7B674-458E-4123-ACB1-17EC3022044F}.Debug|x64.Build.0 = Debug|Any CPU
		{EBC7B674-458E-4123-ACB1-17EC3022044F}.Debug|x86.ActiveCfg = Debug|Any CPU
		{EBC7B674-458E-4123-ACB1-17EC3022044F}.Debug|x86.Build.0 = Debug|Any CPU
		{EBC7B674-458E-4123-ACB1-17EC3022044F}.Release|Any CPU.ActiveCfg = Release|Any CPU
		{EBC7B674-458E-4123-ACB1-17EC3022044F}.Release|Any CPU.Build.0 = Release|Any CPU
		{EBC7B674-458E-4123-ACB1-17EC3022044F}.Release|x64.ActiveCfg = Release|Any CPU
		{EBC7B674-458E-4123-ACB1-17EC3022044F}.Release|x64.Build.0 = Release|Any CPU
		{EBC7B674-458E-4123-ACB1-17EC3022044F}.Release|x86.ActiveCfg = Release|Any CPU
		{EBC7B674-458E-4123-ACB1-17EC3022044F}.Release|x86.Build.0 = Release|Any CPU
		{A9CDE37F-32EC-4AF8-B11E-B4BB0857C9E1}.Debug|Any CPU.ActiveCfg = Debug|Any CPU
		{A9CDE37F-32EC-4AF8-B11E-B4BB0857C9E1}.Debug|Any CPU.Build.0 = Debug|Any CPU
		{A9CDE37F-32EC-4AF8-B11E-B4BB0857C9E1}.Debug|x64.ActiveCfg = Debug|Any CPU
		{A9CDE37F-32EC-4AF8-B11E-B4BB0857C9E1}.Debug|x64.Build.0 = Debug|Any CPU
		{A9CDE37F-32EC-4AF8-B11E-B4BB0857C9E1}.Debug|x86.ActiveCfg = Debug|Any CPU
		{A9CDE37F-32EC-4AF8-B11E-B4BB0857C9E1}.Debug|x86.Build.0 = Debug|Any CPU
		{A9CDE37F-32EC-4AF8-B11E-B4BB0857C9E1}.Release|Any CPU.ActiveCfg = Release|Any CPU
		{A9CDE37F-32EC-4AF8-B11E-B4BB0857C9E1}.Release|Any CPU.Build.0 = Release|Any CPU
		{A9CDE37F-32EC-4AF8-B11E-B4BB0857C9E1}.Release|x64.ActiveCfg = Release|Any CPU
		{A9CDE37F-32EC-4AF8-B11E-B4BB0857C9E1}.Release|x64.Build.0 = Release|Any CPU
		{A9CDE37F-32EC-4AF8-B11E-B4BB0857C9E1}.Release|x86.ActiveCfg = Release|Any CPU
		{A9CDE37F-32EC-4AF8-B11E-B4BB0857C9E1}.Release|x86.Build.0 = Release|Any CPU
		{214962A6-1BA1-4446-9F4B-54A70117EC96}.Debug|Any CPU.ActiveCfg = Debug|Any CPU
		{214962A6-1BA1-4446-9F4B-54A70117EC96}.Debug|Any CPU.Build.0 = Debug|Any CPU
		{214962A6-1BA1-4446-9F4B-54A70117EC96}.Debug|x64.ActiveCfg = Debug|Any CPU
		{214962A6-1BA1-4446-9F4B-54A70117EC96}.Debug|x64.Build.0 = Debug|Any CPU
		{214962A6-1BA1-4446-9F4B-54A70117EC96}.Debug|x86.ActiveCfg = Debug|Any CPU
		{214962A6-1BA1-4446-9F4B-54A70117EC96}.Debug|x86.Build.0 = Debug|Any CPU
		{214962A6-1BA1-4446-9F4B-54A70117EC96}.Release|Any CPU.ActiveCfg = Release|Any CPU
		{214962A6-1BA1-4446-9F4B-54A70117EC96}.Release|Any CPU.Build.0 = Release|Any CPU
		{214962A6-1BA1-4446-9F4B-54A70117EC96}.Release|x64.ActiveCfg = Release|Any CPU
		{214962A6-1BA1-4446-9F4B-54A70117EC96}.Release|x64.Build.0 = Release|Any CPU
		{214962A6-1BA1-4446-9F4B-54A70117EC96}.Release|x86.ActiveCfg = Release|Any CPU
		{214962A6-1BA1-4446-9F4B-54A70117EC96}.Release|x86.Build.0 = Release|Any CPU
		{66DB7B7F-D83E-4168-8DF9-0F522E7EC92E}.Debug|Any CPU.ActiveCfg = Debug|Any CPU
		{66DB7B7F-D83E-4168-8DF9-0F522E7EC92E}.Debug|Any CPU.Build.0 = Debug|Any CPU
		{66DB7B7F-D83E-4168-8DF9-0F522E7EC92E}.Debug|x64.ActiveCfg = Debug|Any CPU
		{66DB7B7F-D83E-4168-8DF9-0F522E7EC92E}.Debug|x64.Build.0 = Debug|Any CPU
		{66DB7B7F-D83E-4168-8DF9-0F522E7EC92E}.Debug|x86.ActiveCfg = Debug|Any CPU
		{66DB7B7F-D83E-4168-8DF9-0F522E7EC92E}.Debug|x86.Build.0 = Debug|Any CPU
		{66DB7B7F-D83E-4168-8DF9-0F522E7EC92E}.Release|Any CPU.ActiveCfg = Release|Any CPU
		{66DB7B7F-D83E-4168-8DF9-0F522E7EC92E}.Release|Any CPU.Build.0 = Release|Any CPU
		{66DB7B7F-D83E-4168-8DF9-0F522E7EC92E}.Release|x64.ActiveCfg = Release|Any CPU
		{66DB7B7F-D83E-4168-8DF9-0F522E7EC92E}.Release|x64.Build.0 = Release|Any CPU
		{66DB7B7F-D83E-4168-8DF9-0F522E7EC92E}.Release|x86.ActiveCfg = Release|Any CPU
		{66DB7B7F-D83E-4168-8DF9-0F522E7EC92E}.Release|x86.Build.0 = Release|Any CPU
		{7E35C6FB-17FB-4523-9116-F5C2D2ED4312}.Debug|Any CPU.ActiveCfg = Debug|Any CPU
		{7E35C6FB-17FB-4523-9116-F5C2D2ED4312}.Debug|Any CPU.Build.0 = Debug|Any CPU
		{7E35C6FB-17FB-4523-9116-F5C2D2ED4312}.Debug|x64.ActiveCfg = Debug|Any CPU
		{7E35C6FB-17FB-4523-9116-F5C2D2ED4312}.Debug|x64.Build.0 = Debug|Any CPU
		{7E35C6FB-17FB-4523-9116-F5C2D2ED4312}.Debug|x86.ActiveCfg = Debug|Any CPU
		{7E35C6FB-17FB-4523-9116-F5C2D2ED4312}.Debug|x86.Build.0 = Debug|Any CPU
		{7E35C6FB-17FB-4523-9116-F5C2D2ED4312}.Release|Any CPU.ActiveCfg = Release|Any CPU
		{7E35C6FB-17FB-4523-9116-F5C2D2ED4312}.Release|Any CPU.Build.0 = Release|Any CPU
		{7E35C6FB-17FB-4523-9116-F5C2D2ED4312}.Release|x64.ActiveCfg = Release|Any CPU
		{7E35C6FB-17FB-4523-9116-F5C2D2ED4312}.Release|x64.Build.0 = Release|Any CPU
		{7E35C6FB-17FB-4523-9116-F5C2D2ED4312}.Release|x86.ActiveCfg = Release|Any CPU
		{7E35C6FB-17FB-4523-9116-F5C2D2ED4312}.Release|x86.Build.0 = Release|Any CPU
		{1B675832-FCC9-4341-A691-6F52E667AEAC}.Debug|Any CPU.ActiveCfg = Debug|Any CPU
		{1B675832-FCC9-4341-A691-6F52E667AEAC}.Debug|Any CPU.Build.0 = Debug|Any CPU
		{1B675832-FCC9-4341-A691-6F52E667AEAC}.Debug|x64.ActiveCfg = Debug|Any CPU
		{1B675832-FCC9-4341-A691-6F52E667AEAC}.Debug|x64.Build.0 = Debug|Any CPU
		{1B675832-FCC9-4341-A691-6F52E667AEAC}.Debug|x86.ActiveCfg = Debug|Any CPU
		{1B675832-FCC9-4341-A691-6F52E667AEAC}.Debug|x86.Build.0 = Debug|Any CPU
		{1B675832-FCC9-4341-A691-6F52E667AEAC}.Release|Any CPU.ActiveCfg = Release|Any CPU
		{1B675832-FCC9-4341-A691-6F52E667AEAC}.Release|Any CPU.Build.0 = Release|Any CPU
		{1B675832-FCC9-4341-A691-6F52E667AEAC}.Release|x64.ActiveCfg = Release|Any CPU
		{1B675832-FCC9-4341-A691-6F52E667AEAC}.Release|x64.Build.0 = Release|Any CPU
		{1B675832-FCC9-4341-A691-6F52E667AEAC}.Release|x86.ActiveCfg = Release|Any CPU
		{1B675832-FCC9-4341-A691-6F52E667AEAC}.Release|x86.Build.0 = Release|Any CPU
		{B46CB7A7-DF5C-4050-B249-F3357AEBA2A6}.Debug|Any CPU.ActiveCfg = Debug|Any CPU
		{B46CB7A7-DF5C-4050-B249-F3357AEBA2A6}.Debug|Any CPU.Build.0 = Debug|Any CPU
		{B46CB7A7-DF5C-4050-B249-F3357AEBA2A6}.Debug|x64.ActiveCfg = Debug|Any CPU
		{B46CB7A7-DF5C-4050-B249-F3357AEBA2A6}.Debug|x64.Build.0 = Debug|Any CPU
		{B46CB7A7-DF5C-4050-B249-F3357AEBA2A6}.Debug|x86.ActiveCfg = Debug|Any CPU
		{B46CB7A7-DF5C-4050-B249-F3357AEBA2A6}.Debug|x86.Build.0 = Debug|Any CPU
		{B46CB7A7-DF5C-4050-B249-F3357AEBA2A6}.Release|Any CPU.ActiveCfg = Release|Any CPU
		{B46CB7A7-DF5C-4050-B249-F3357AEBA2A6}.Release|Any CPU.Build.0 = Release|Any CPU
		{B46CB7A7-DF5C-4050-B249-F3357AEBA2A6}.Release|x64.ActiveCfg = Release|Any CPU
		{B46CB7A7-DF5C-4050-B249-F3357AEBA2A6}.Release|x64.Build.0 = Release|Any CPU
		{B46CB7A7-DF5C-4050-B249-F3357AEBA2A6}.Release|x86.ActiveCfg = Release|Any CPU
		{B46CB7A7-DF5C-4050-B249-F3357AEBA2A6}.Release|x86.Build.0 = Release|Any CPU
		{47A6F84A-B7C9-4C54-BA02-106B9DC3C6C2}.Debug|Any CPU.ActiveCfg = Debug|Any CPU
		{47A6F84A-B7C9-4C54-BA02-106B9DC3C6C2}.Debug|Any CPU.Build.0 = Debug|Any CPU
		{47A6F84A-B7C9-4C54-BA02-106B9DC3C6C2}.Debug|x64.ActiveCfg = Debug|Any CPU
		{47A6F84A-B7C9-4C54-BA02-106B9DC3C6C2}.Debug|x64.Build.0 = Debug|Any CPU
		{47A6F84A-B7C9-4C54-BA02-106B9DC3C6C2}.Debug|x86.ActiveCfg = Debug|Any CPU
		{47A6F84A-B7C9-4C54-BA02-106B9DC3C6C2}.Debug|x86.Build.0 = Debug|Any CPU
		{47A6F84A-B7C9-4C54-BA02-106B9DC3C6C2}.Release|Any CPU.ActiveCfg = Release|Any CPU
		{47A6F84A-B7C9-4C54-BA02-106B9DC3C6C2}.Release|Any CPU.Build.0 = Release|Any CPU
		{47A6F84A-B7C9-4C54-BA02-106B9DC3C6C2}.Release|x64.ActiveCfg = Release|Any CPU
		{47A6F84A-B7C9-4C54-BA02-106B9DC3C6C2}.Release|x64.Build.0 = Release|Any CPU
		{47A6F84A-B7C9-4C54-BA02-106B9DC3C6C2}.Release|x86.ActiveCfg = Release|Any CPU
		{47A6F84A-B7C9-4C54-BA02-106B9DC3C6C2}.Release|x86.Build.0 = Release|Any CPU
		{F71B10F2-A1D2-4E31-A2BB-CB9E8F3442D1}.Debug|Any CPU.ActiveCfg = Debug|Any CPU
		{F71B10F2-A1D2-4E31-A2BB-CB9E8F3442D1}.Debug|Any CPU.Build.0 = Debug|Any CPU
		{F71B10F2-A1D2-4E31-A2BB-CB9E8F3442D1}.Debug|x64.ActiveCfg = Debug|Any CPU
		{F71B10F2-A1D2-4E31-A2BB-CB9E8F3442D1}.Debug|x64.Build.0 = Debug|Any CPU
		{F71B10F2-A1D2-4E31-A2BB-CB9E8F3442D1}.Debug|x86.ActiveCfg = Debug|Any CPU
		{F71B10F2-A1D2-4E31-A2BB-CB9E8F3442D1}.Debug|x86.Build.0 = Debug|Any CPU
		{F71B10F2-A1D2-4E31-A2BB-CB9E8F3442D1}.Release|Any CPU.ActiveCfg = Release|Any CPU
		{F71B10F2-A1D2-4E31-A2BB-CB9E8F3442D1}.Release|Any CPU.Build.0 = Release|Any CPU
		{F71B10F2-A1D2-4E31-A2BB-CB9E8F3442D1}.Release|x64.ActiveCfg = Release|Any CPU
		{F71B10F2-A1D2-4E31-A2BB-CB9E8F3442D1}.Release|x64.Build.0 = Release|Any CPU
		{F71B10F2-A1D2-4E31-A2BB-CB9E8F3442D1}.Release|x86.ActiveCfg = Release|Any CPU
		{F71B10F2-A1D2-4E31-A2BB-CB9E8F3442D1}.Release|x86.Build.0 = Release|Any CPU
		{FBE85303-FB5D-4FD8-8FDF-3E8A93EC3BB6}.Debug|Any CPU.ActiveCfg = Debug|Any CPU
		{FBE85303-FB5D-4FD8-8FDF-3E8A93EC3BB6}.Debug|Any CPU.Build.0 = Debug|Any CPU
		{FBE85303-FB5D-4FD8-8FDF-3E8A93EC3BB6}.Debug|x64.ActiveCfg = Debug|Any CPU
		{FBE85303-FB5D-4FD8-8FDF-3E8A93EC3BB6}.Debug|x64.Build.0 = Debug|Any CPU
		{FBE85303-FB5D-4FD8-8FDF-3E8A93EC3BB6}.Debug|x86.ActiveCfg = Debug|Any CPU
		{FBE85303-FB5D-4FD8-8FDF-3E8A93EC3BB6}.Debug|x86.Build.0 = Debug|Any CPU
		{FBE85303-FB5D-4FD8-8FDF-3E8A93EC3BB6}.Release|Any CPU.ActiveCfg = Release|Any CPU
		{FBE85303-FB5D-4FD8-8FDF-3E8A93EC3BB6}.Release|Any CPU.Build.0 = Release|Any CPU
		{FBE85303-FB5D-4FD8-8FDF-3E8A93EC3BB6}.Release|x64.ActiveCfg = Release|Any CPU
		{FBE85303-FB5D-4FD8-8FDF-3E8A93EC3BB6}.Release|x64.Build.0 = Release|Any CPU
		{FBE85303-FB5D-4FD8-8FDF-3E8A93EC3BB6}.Release|x86.ActiveCfg = Release|Any CPU
		{FBE85303-FB5D-4FD8-8FDF-3E8A93EC3BB6}.Release|x86.Build.0 = Release|Any CPU
		{DF293A64-8346-4D6D-A8C4-910807B1AABB}.Debug|Any CPU.ActiveCfg = Debug|Any CPU
		{DF293A64-8346-4D6D-A8C4-910807B1AABB}.Debug|Any CPU.Build.0 = Debug|Any CPU
		{DF293A64-8346-4D6D-A8C4-910807B1AABB}.Debug|x64.ActiveCfg = Debug|Any CPU
		{DF293A64-8346-4D6D-A8C4-910807B1AABB}.Debug|x64.Build.0 = Debug|Any CPU
		{DF293A64-8346-4D6D-A8C4-910807B1AABB}.Debug|x86.ActiveCfg = Debug|Any CPU
		{DF293A64-8346-4D6D-A8C4-910807B1AABB}.Debug|x86.Build.0 = Debug|Any CPU
		{DF293A64-8346-4D6D-A8C4-910807B1AABB}.Release|Any CPU.ActiveCfg = Release|Any CPU
		{DF293A64-8346-4D6D-A8C4-910807B1AABB}.Release|Any CPU.Build.0 = Release|Any CPU
		{DF293A64-8346-4D6D-A8C4-910807B1AABB}.Release|x64.ActiveCfg = Release|Any CPU
		{DF293A64-8346-4D6D-A8C4-910807B1AABB}.Release|x64.Build.0 = Release|Any CPU
		{DF293A64-8346-4D6D-A8C4-910807B1AABB}.Release|x86.ActiveCfg = Release|Any CPU
		{DF293A64-8346-4D6D-A8C4-910807B1AABB}.Release|x86.Build.0 = Release|Any CPU
		{F220438A-DAEC-4FDE-A799-2B4857B1620D}.Debug|Any CPU.ActiveCfg = Debug|Any CPU
		{F220438A-DAEC-4FDE-A799-2B4857B1620D}.Debug|Any CPU.Build.0 = Debug|Any CPU
		{F220438A-DAEC-4FDE-A799-2B4857B1620D}.Debug|x64.ActiveCfg = Debug|Any CPU
		{F220438A-DAEC-4FDE-A799-2B4857B1620D}.Debug|x64.Build.0 = Debug|Any CPU
		{F220438A-DAEC-4FDE-A799-2B4857B1620D}.Debug|x86.ActiveCfg = Debug|Any CPU
		{F220438A-DAEC-4FDE-A799-2B4857B1620D}.Debug|x86.Build.0 = Debug|Any CPU
		{F220438A-DAEC-4FDE-A799-2B4857B1620D}.Release|Any CPU.ActiveCfg = Release|Any CPU
		{F220438A-DAEC-4FDE-A799-2B4857B1620D}.Release|Any CPU.Build.0 = Release|Any CPU
		{F220438A-DAEC-4FDE-A799-2B4857B1620D}.Release|x64.ActiveCfg = Release|Any CPU
		{F220438A-DAEC-4FDE-A799-2B4857B1620D}.Release|x64.Build.0 = Release|Any CPU
		{F220438A-DAEC-4FDE-A799-2B4857B1620D}.Release|x86.ActiveCfg = Release|Any CPU
		{F220438A-DAEC-4FDE-A799-2B4857B1620D}.Release|x86.Build.0 = Release|Any CPU
		{60DF4084-459B-44FB-B766-FC0E1BFA2430}.Debug|Any CPU.ActiveCfg = Debug|Any CPU
		{60DF4084-459B-44FB-B766-FC0E1BFA2430}.Debug|Any CPU.Build.0 = Debug|Any CPU
		{60DF4084-459B-44FB-B766-FC0E1BFA2430}.Debug|x64.ActiveCfg = Debug|Any CPU
		{60DF4084-459B-44FB-B766-FC0E1BFA2430}.Debug|x64.Build.0 = Debug|Any CPU
		{60DF4084-459B-44FB-B766-FC0E1BFA2430}.Debug|x86.ActiveCfg = Debug|Any CPU
		{60DF4084-459B-44FB-B766-FC0E1BFA2430}.Debug|x86.Build.0 = Debug|Any CPU
		{60DF4084-459B-44FB-B766-FC0E1BFA2430}.Release|Any CPU.ActiveCfg = Release|Any CPU
		{60DF4084-459B-44FB-B766-FC0E1BFA2430}.Release|Any CPU.Build.0 = Release|Any CPU
		{60DF4084-459B-44FB-B766-FC0E1BFA2430}.Release|x64.ActiveCfg = Release|Any CPU
		{60DF4084-459B-44FB-B766-FC0E1BFA2430}.Release|x64.Build.0 = Release|Any CPU
		{60DF4084-459B-44FB-B766-FC0E1BFA2430}.Release|x86.ActiveCfg = Release|Any CPU
		{60DF4084-459B-44FB-B766-FC0E1BFA2430}.Release|x86.Build.0 = Release|Any CPU
		{52D702F0-7BDE-4442-8C04-E3E535C413F9}.Debug|Any CPU.ActiveCfg = Debug|Any CPU
		{52D702F0-7BDE-4442-8C04-E3E535C413F9}.Debug|Any CPU.Build.0 = Debug|Any CPU
		{52D702F0-7BDE-4442-8C04-E3E535C413F9}.Debug|x64.ActiveCfg = Debug|Any CPU
		{52D702F0-7BDE-4442-8C04-E3E535C413F9}.Debug|x64.Build.0 = Debug|Any CPU
		{52D702F0-7BDE-4442-8C04-E3E535C413F9}.Debug|x86.ActiveCfg = Debug|Any CPU
		{52D702F0-7BDE-4442-8C04-E3E535C413F9}.Debug|x86.Build.0 = Debug|Any CPU
		{52D702F0-7BDE-4442-8C04-E3E535C413F9}.Release|Any CPU.ActiveCfg = Release|Any CPU
		{52D702F0-7BDE-4442-8C04-E3E535C413F9}.Release|Any CPU.Build.0 = Release|Any CPU
		{52D702F0-7BDE-4442-8C04-E3E535C413F9}.Release|x64.ActiveCfg = Release|Any CPU
		{52D702F0-7BDE-4442-8C04-E3E535C413F9}.Release|x64.Build.0 = Release|Any CPU
		{52D702F0-7BDE-4442-8C04-E3E535C413F9}.Release|x86.ActiveCfg = Release|Any CPU
		{52D702F0-7BDE-4442-8C04-E3E535C413F9}.Release|x86.Build.0 = Release|Any CPU
		{66701162-4B96-4C20-8F78-24067F115662}.Debug|Any CPU.ActiveCfg = Debug|Any CPU
		{66701162-4B96-4C20-8F78-24067F115662}.Debug|Any CPU.Build.0 = Debug|Any CPU
		{66701162-4B96-4C20-8F78-24067F115662}.Debug|x64.ActiveCfg = Debug|Any CPU
		{66701162-4B96-4C20-8F78-24067F115662}.Debug|x64.Build.0 = Debug|Any CPU
		{66701162-4B96-4C20-8F78-24067F115662}.Debug|x86.ActiveCfg = Debug|Any CPU
		{66701162-4B96-4C20-8F78-24067F115662}.Debug|x86.Build.0 = Debug|Any CPU
		{66701162-4B96-4C20-8F78-24067F115662}.Release|Any CPU.ActiveCfg = Release|Any CPU
		{66701162-4B96-4C20-8F78-24067F115662}.Release|Any CPU.Build.0 = Release|Any CPU
		{66701162-4B96-4C20-8F78-24067F115662}.Release|x64.ActiveCfg = Release|Any CPU
		{66701162-4B96-4C20-8F78-24067F115662}.Release|x64.Build.0 = Release|Any CPU
		{66701162-4B96-4C20-8F78-24067F115662}.Release|x86.ActiveCfg = Release|Any CPU
		{66701162-4B96-4C20-8F78-24067F115662}.Release|x86.Build.0 = Release|Any CPU
	EndGlobalSection
	GlobalSection(SolutionProperties) = preSolution
		HideSolutionNode = FALSE
	EndGlobalSection
	GlobalSection(NestedProjects) = preSolution
		{32EDBA42-B012-A9E3-D6BD-B1FED8C0BF1D} = {1AE8ACA6-933B-BF2A-3671-3E2EAC007D16}
		{4B3D0D37-DB5C-4666-8F1C-B369F6AA06C1} = {32EDBA42-B012-A9E3-D6BD-B1FED8C0BF1D}
		{3518C6FE-7C6C-C575-CC03-E8DAA010DCAF} = {1AE8ACA6-933B-BF2A-3671-3E2EAC007D16}
		{72CFE6E2-25B8-4EE5-B204-D4BA8799FD19} = {3518C6FE-7C6C-C575-CC03-E8DAA010DCAF}
		{1FA6AE9E-509F-4A6E-9E84-1C6E3465CA22} = {3518C6FE-7C6C-C575-CC03-E8DAA010DCAF}
		{2274FBE9-70B2-4461-A930-713670A6F0A3} = {3518C6FE-7C6C-C575-CC03-E8DAA010DCAF}
		{E67A9407-3F77-8E1E-44C0-D60C1E808A95} = {1AE8ACA6-933B-BF2A-3671-3E2EAC007D16}
		{221F626D-EB9E-0EB5-057F-EE336E35FAF0} = {E67A9407-3F77-8E1E-44C0-D60C1E808A95}
		{7F5CFFAE-ED12-4D95-987E-DC53D936A8B6} = {221F626D-EB9E-0EB5-057F-EE336E35FAF0}
		{41A97572-70DE-4651-B92F-404AD4AF7A19} = {221F626D-EB9E-0EB5-057F-EE336E35FAF0}
		{47CB3695-C9AC-461D-BE2C-FE9E8FCF2689} = {221F626D-EB9E-0EB5-057F-EE336E35FAF0}
		{4FA4D735-461C-434C-8FCD-A14590AB6B60} = {221F626D-EB9E-0EB5-057F-EE336E35FAF0}
		{6F67A1EE-4599-3E1C-C2D8-4949B1C42A19} = {E67A9407-3F77-8E1E-44C0-D60C1E808A95}
		{A9762225-8CCC-472A-8950-7CD67A22B1E0} = {6F67A1EE-4599-3E1C-C2D8-4949B1C42A19}
		{6817B5DF-0F4C-44C5-9235-B3B518C2B499} = {6F67A1EE-4599-3E1C-C2D8-4949B1C42A19}
		{62B85034-178C-4B29-9530-7AD5A3258FF3} = {6F67A1EE-4599-3E1C-C2D8-4949B1C42A19}
		{1E0F0998-CB9C-4C1D-B420-FB4BCE4772CF} = {6F67A1EE-4599-3E1C-C2D8-4949B1C42A19}
		{49DF0C93-3280-4F21-2431-D07FF3022DD4} = {E67A9407-3F77-8E1E-44C0-D60C1E808A95}
		{DCC5F146-0D8C-4586-A371-711110A49D87} = {49DF0C93-3280-4F21-2431-D07FF3022DD4}
		{02D7156A-93BF-4600-97C9-A57C0EECAD99} = {49DF0C93-3280-4F21-2431-D07FF3022DD4}
		{6FC15BB7-9795-4BED-8126-C83BD5C963FD} = {49DF0C93-3280-4F21-2431-D07FF3022DD4}
		{A92F270A-935F-485D-B597-07C2E0BA8253} = {49DF0C93-3280-4F21-2431-D07FF3022DD4}
		{28E652CF-92DF-A3E7-248D-D814DBBB9B56} = {E67A9407-3F77-8E1E-44C0-D60C1E808A95}
		{58CE16C3-5151-4C36-9541-D748A9A35DD8} = {28E652CF-92DF-A3E7-248D-D814DBBB9B56}
		{27ED2B92-9C54-4D61-9BEC-1BFCC504BE61} = {28E652CF-92DF-A3E7-248D-D814DBBB9B56}
		{8D17FB5C-8F6A-474D-9887-69F6A316ED4D} = {28E652CF-92DF-A3E7-248D-D814DBBB9B56}
		{869DEB17-8532-4497-BFCC-3479A79104D7} = {28E652CF-92DF-A3E7-248D-D814DBBB9B56}
		{E7ACF62A-4792-2521-47ED-6ECBF18731BB} = {E67A9407-3F77-8E1E-44C0-D60C1E808A95}
		{3C69EFF6-6CF5-43C1-AFE2-72C047C34E95} = {E7ACF62A-4792-2521-47ED-6ECBF18731BB}
		{AF1C6AAF-57A9-4244-9811-4551D4FAD906} = {E7ACF62A-4792-2521-47ED-6ECBF18731BB}
		{6B14E62B-B794-4424-91DD-868C80585AC5} = {E7ACF62A-4792-2521-47ED-6ECBF18731BB}
		{9B2A7DD8-8C84-4C4A-8048-E6A8B27F021F} = {E7ACF62A-4792-2521-47ED-6ECBF18731BB}
		{C26DA815-2D32-E701-6217-EB4425796011} = {E67A9407-3F77-8E1E-44C0-D60C1E808A95}
		{3FFA3A6D-261C-4F76-9409-934F58F4DB04} = {C26DA815-2D32-E701-6217-EB4425796011}
		{06B3C104-4514-4D2B-855A-5629AD4B3F74} = {C26DA815-2D32-E701-6217-EB4425796011}
		{ECFE6BA6-102E-4C9B-983A-F4BAF93589F7} = {C26DA815-2D32-E701-6217-EB4425796011}
		{D79822DF-E59D-4209-847E-3522FBB7C2D2} = {C26DA815-2D32-E701-6217-EB4425796011}
		{52B05117-6A7F-820F-ADA7-D2303DEA3C3C} = {E67A9407-3F77-8E1E-44C0-D60C1E808A95}
		{897BE978-BB08-4768-9214-EC022B054A47} = {52B05117-6A7F-820F-ADA7-D2303DEA3C3C}
		{117B48B9-1BC1-4541-B2E5-67EA32BA1576} = {52B05117-6A7F-820F-ADA7-D2303DEA3C3C}
		{46F37753-C52D-4286-92C0-18453B7FF25B} = {52B05117-6A7F-820F-ADA7-D2303DEA3C3C}
		{C7408B50-DC2A-44E5-A028-38B78C397DD0} = {52B05117-6A7F-820F-ADA7-D2303DEA3C3C}
		{DCAB5AAC-2A25-B6FA-FB6C-470922E24455} = {E67A9407-3F77-8E1E-44C0-D60C1E808A95}
		{11C32931-B985-470A-901A-163AFA276ACF} = {DCAB5AAC-2A25-B6FA-FB6C-470922E24455}
		{36634659-BBBD-43FC-8126-54C09F7F4915} = {DCAB5AAC-2A25-B6FA-FB6C-470922E24455}
		{1A868B10-EC62-4890-99A4-FFFF51B60503} = {DCAB5AAC-2A25-B6FA-FB6C-470922E24455}
		{B6235E0F-018A-4626-9274-B1E1A8091C14} = {DCAB5AAC-2A25-B6FA-FB6C-470922E24455}
		{621FAF4A-8C91-FB60-855F-87B8919DC463} = {E67A9407-3F77-8E1E-44C0-D60C1E808A95}
		{EBC7B674-458E-4123-ACB1-17EC3022044F} = {621FAF4A-8C91-FB60-855F-87B8919DC463}
		{A9CDE37F-32EC-4AF8-B11E-B4BB0857C9E1} = {621FAF4A-8C91-FB60-855F-87B8919DC463}
		{214962A6-1BA1-4446-9F4B-54A70117EC96} = {621FAF4A-8C91-FB60-855F-87B8919DC463}
		{66DB7B7F-D83E-4168-8DF9-0F522E7EC92E} = {621FAF4A-8C91-FB60-855F-87B8919DC463}
		{F57642F3-C37C-D174-720E-6A6AAD5BEE22} = {1AE8ACA6-933B-BF2A-3671-3E2EAC007D16}
		{7E35C6FB-17FB-4523-9116-F5C2D2ED4312} = {F57642F3-C37C-D174-720E-6A6AAD5BEE22}
		{1B675832-FCC9-4341-A691-6F52E667AEAC} = {F57642F3-C37C-D174-720E-6A6AAD5BEE22}
		{B46CB7A7-DF5C-4050-B249-F3357AEBA2A6} = {F57642F3-C37C-D174-720E-6A6AAD5BEE22}
		{47A6F84A-B7C9-4C54-BA02-106B9DC3C6C2} = {F57642F3-C37C-D174-720E-6A6AAD5BEE22}
		{F71B10F2-A1D2-4E31-A2BB-CB9E8F3442D1} = {F57642F3-C37C-D174-720E-6A6AAD5BEE22}
		{FBE85303-FB5D-4FD8-8FDF-3E8A93EC3BB6} = {F57642F3-C37C-D174-720E-6A6AAD5BEE22}
		{DF293A64-8346-4D6D-A8C4-910807B1AABB} = {F57642F3-C37C-D174-720E-6A6AAD5BEE22}
		{F220438A-DAEC-4FDE-A799-2B4857B1620D} = {F57642F3-C37C-D174-720E-6A6AAD5BEE22}
		{60DF4084-459B-44FB-B766-FC0E1BFA2430} = {F57642F3-C37C-D174-720E-6A6AAD5BEE22}
		{52D702F0-7BDE-4442-8C04-E3E535C413F9} = {F57642F3-C37C-D174-720E-6A6AAD5BEE22}
		{66701162-4B96-4C20-8F78-24067F115662} = {F57642F3-C37C-D174-720E-6A6AAD5BEE22}
	EndGlobalSection
EndGlobal
